// !$*UTF8*$!
{
	archiveVersion = 1;
	classes = {
	};
	objectVersion = 46;
	objects = {

/* Begin PBXBuildFile section */
		7B0F52DF177B8B120027FAA2 /* NSObject+REObserver.h in Headers */ = {isa = PBXBuildFile; fileRef = 7B22759A1779BFFE002984AC /* NSObject+REObserver.h */; settings = {ATTRIBUTES = (Public, ); }; };
		7B0F52E0177B8B1B0027FAA2 /* NSObject+REObserver.m in Sources */ = {isa = PBXBuildFile; fileRef = 7B22759B1779BFFE002984AC /* NSObject+REObserver.m */; settings = {COMPILER_FLAGS = "-fno-objc-arc"; }; };
		7B2275A31779BFFE002984AC /* NSObject+REResponder.h in Headers */ = {isa = PBXBuildFile; fileRef = 7B22759C1779BFFE002984AC /* NSObject+REResponder.h */; settings = {ATTRIBUTES = (Public, ); }; };
		7B2275A41779BFFE002984AC /* NSObject+REResponder.m in Sources */ = {isa = PBXBuildFile; fileRef = 7B22759D1779BFFE002984AC /* NSObject+REResponder.m */; settings = {COMPILER_FLAGS = "-fno-objc-arc"; }; };
		7B2275A61779BFFE002984AC /* REUtil.h in Headers */ = {isa = PBXBuildFile; fileRef = 7B22759F1779BFFE002984AC /* REUtil.h */; settings = {ATTRIBUTES = (Public, ); }; };
		7B2275A71779BFFE002984AC /* REUtil.m in Sources */ = {isa = PBXBuildFile; fileRef = 7B2275A01779BFFE002984AC /* REUtil.m */; settings = {COMPILER_FLAGS = "-fno-objc-arc"; }; };
		7B2275AA1779DE5D002984AC /* NSObject+Primitives.m in Sources */ = {isa = PBXBuildFile; fileRef = 7B2275A91779DDFF002984AC /* NSObject+Primitives.m */; };
		7B2275AB1779DE63002984AC /* NSObject+Primitives.h in Headers */ = {isa = PBXBuildFile; fileRef = 7B2275A81779DDFF002984AC /* NSObject+Primitives.h */; settings = {ATTRIBUTES = (Public, ); }; };
		7B2275AE177A11CA002984AC /* NSObject+DynamicProperties.h in Headers */ = {isa = PBXBuildFile; fileRef = 7B2275AC177A11CA002984AC /* NSObject+DynamicProperties.h */; settings = {ATTRIBUTES = (Public, ); }; };
		7B2275AF177A11CA002984AC /* NSObject+DynamicProperties.m in Sources */ = {isa = PBXBuildFile; fileRef = 7B2275AD177A11CA002984AC /* NSObject+DynamicProperties.m */; };
		7B2A59FB1777933A00D5FE78 /* AtoZAutoBox.h in Headers */ = {isa = PBXBuildFile; fileRef = 7BC425591776799C00928201 /* AtoZAutoBox.h */; settings = {ATTRIBUTES = (Public, ); }; };
		7B4C6BA1177BA67400CF1D50 /* REResponderLogicTests.m in Sources */ = {isa = PBXBuildFile; fileRef = 7B4C6B97177BA67400CF1D50 /* REResponderLogicTests.m */; settings = {COMPILER_FLAGS = "-fno-objc-arc"; }; };
		7B4C6BA2177BA67400CF1D50 /* REObserverLogicTests.m in Sources */ = {isa = PBXBuildFile; fileRef = 7B4C6B99177BA67400CF1D50 /* REObserverLogicTests.m */; settings = {COMPILER_FLAGS = "-fno-objc-arc"; }; };
		7B4C6BA3177BA67400CF1D50 /* REResponderARCLogicTests.m in Sources */ = {isa = PBXBuildFile; fileRef = 7B4C6B9B177BA67400CF1D50 /* REResponderARCLogicTests.m */; settings = {COMPILER_FLAGS = "-fno-objc-arc"; }; };
		7B4C6BA4177BA67400CF1D50 /* RETestObject.m in Sources */ = {isa = PBXBuildFile; fileRef = 7B4C6B9E177BA67400CF1D50 /* RETestObject.m */; settings = {COMPILER_FLAGS = "-fno-objc-arc"; }; };
		7B4C6BA5177BA67400CF1D50 /* REUtilLogicTests.m in Sources */ = {isa = PBXBuildFile; fileRef = 7B4C6BA0177BA67400CF1D50 /* REUtilLogicTests.m */; settings = {COMPILER_FLAGS = "-fno-objc-arc"; }; };
		7BC425511776799C00928201 /* Cocoa.framework in Frameworks */ = {isa = PBXBuildFile; fileRef = 7BC425501776799C00928201 /* Cocoa.framework */; };
		7BC4255B1776799C00928201 /* AtoZAutoBox.m in Sources */ = {isa = PBXBuildFile; fileRef = 7BC4255A1776799C00928201 /* AtoZAutoBox.m */; };
		7BC425621776799D00928201 /* XCTest.framework in Frameworks */ = {isa = PBXBuildFile; fileRef = 7BC425611776799D00928201 /* XCTest.framework */; };
		7BC425631776799D00928201 /* Cocoa.framework in Frameworks */ = {isa = PBXBuildFile; fileRef = 7BC425501776799C00928201 /* Cocoa.framework */; };
		7BC425661776799D00928201 /* libAtoZAutoBox.a in Frameworks */ = {isa = PBXBuildFile; fileRef = 7BC4254D1776799C00928201 /* libAtoZAutoBox.a */; };
		7BC4256C1776799D00928201 /* InfoPlist.strings in Resources */ = {isa = PBXBuildFile; fileRef = 7BC4256A1776799D00928201 /* InfoPlist.strings */; };
		7BC4256E1776799D00928201 /* AtoZAutoBoxTests.m in Sources */ = {isa = PBXBuildFile; fileRef = 7BC4256D1776799D00928201 /* AtoZAutoBoxTests.m */; };
		7BCAFBED1788584F00650943 /* MARTNSObject.h in Headers */ = {isa = PBXBuildFile; fileRef = 7BCAFBD71788584E00650943 /* MARTNSObject.h */; settings = {ATTRIBUTES = (Public, ); }; };
		7BCAFBEE1788584F00650943 /* MARTNSObject.m in Sources */ = {isa = PBXBuildFile; fileRef = 7BCAFBD81788584E00650943 /* MARTNSObject.m */; settings = {COMPILER_FLAGS = "-fno-objc-arc"; }; };
		7BCAFBEF1788584F00650943 /* RTIvar.h in Headers */ = {isa = PBXBuildFile; fileRef = 7BCAFBDA1788584E00650943 /* RTIvar.h */; settings = {ATTRIBUTES = (Public, ); }; };
		7BCAFBF01788584F00650943 /* RTIvar.m in Sources */ = {isa = PBXBuildFile; fileRef = 7BCAFBDB1788584E00650943 /* RTIvar.m */; settings = {COMPILER_FLAGS = "-fno-objc-arc"; }; };
		7BCAFBF11788584F00650943 /* RTMethod.h in Headers */ = {isa = PBXBuildFile; fileRef = 7BCAFBDC1788584E00650943 /* RTMethod.h */; settings = {ATTRIBUTES = (Public, ); }; };
		7BCAFBF21788584F00650943 /* RTMethod.m in Sources */ = {isa = PBXBuildFile; fileRef = 7BCAFBDD1788584E00650943 /* RTMethod.m */; settings = {COMPILER_FLAGS = "-fno-objc-arc"; }; };
		7BCAFBF31788584F00650943 /* RTProperty.h in Headers */ = {isa = PBXBuildFile; fileRef = 7BCAFBDE1788584E00650943 /* RTProperty.h */; settings = {ATTRIBUTES = (Public, ); }; };
		7BCAFBF41788584F00650943 /* RTProperty.m in Sources */ = {isa = PBXBuildFile; fileRef = 7BCAFBDF1788584E00650943 /* RTProperty.m */; settings = {COMPILER_FLAGS = "-fno-objc-arc"; }; };
		7BCAFBF51788584F00650943 /* RTProtocol.h in Headers */ = {isa = PBXBuildFile; fileRef = 7BCAFBE01788584E00650943 /* RTProtocol.h */; settings = {ATTRIBUTES = (Public, ); }; };
		7BCAFBF61788584F00650943 /* RTProtocol.m in Sources */ = {isa = PBXBuildFile; fileRef = 7BCAFBE11788584E00650943 /* RTProtocol.m */; settings = {COMPILER_FLAGS = "-fno-objc-arc"; }; };
		7BCAFBF71788584F00650943 /* RTUnregisteredClass.h in Headers */ = {isa = PBXBuildFile; fileRef = 7BCAFBE21788584E00650943 /* RTUnregisteredClass.h */; settings = {ATTRIBUTES = (Public, ); }; };
		7BCAFBF81788584F00650943 /* RTUnregisteredClass.m in Sources */ = {isa = PBXBuildFile; fileRef = 7BCAFBE31788584E00650943 /* RTUnregisteredClass.m */; settings = {COMPILER_FLAGS = "-fno-objc-arc"; }; };
		7BD354CD177BAF8800A5C85C /* SenTestingKit.framework in Frameworks */ = {isa = PBXBuildFile; fileRef = 7BD354CC177BAF8800A5C85C /* SenTestingKit.framework */; };
/* End PBXBuildFile section */

/* Begin PBXContainerItemProxy section */
		7BC425641776799D00928201 /* PBXContainerItemProxy */ = {
			isa = PBXContainerItemProxy;
			containerPortal = 7BC425451776799C00928201 /* Project object */;
			proxyType = 1;
			remoteGlobalIDString = 7BC4254C1776799C00928201;
			remoteInfo = AtoZAutoBox;
		};
		7BCAFBFF1788584F00650943 /* PBXContainerItemProxy */ = {
			isa = PBXContainerItemProxy;
			containerPortal = 7BCAFBE71788584E00650943 /* MAObjCRuntime.xcodeproj */;
			proxyType = 2;
			remoteGlobalIDString = 8DD76FA10486AA7600D96B5E;
			remoteInfo = MAObjCRuntime;
		};
		7BCAFC011788584F00650943 /* PBXContainerItemProxy */ = {
			isa = PBXContainerItemProxy;
			containerPortal = 7BCAFBE71788584E00650943 /* MAObjCRuntime.xcodeproj */;
			proxyType = 2;
			remoteGlobalIDString = 22A07AE215241A3B008A2A36;
			remoteInfo = MAObjCRuntime_iOS;
		};
		7BCAFC031788584F00650943 /* PBXContainerItemProxy */ = {
			isa = PBXContainerItemProxy;
			containerPortal = 7BCAFBE71788584E00650943 /* MAObjCRuntime.xcodeproj */;
			proxyType = 2;
			remoteGlobalIDString = 22A07AF115241A3B008A2A36;
			remoteInfo = MAObjCRuntime_iOSTests;
		};
/* End PBXContainerItemProxy section */

/* Begin PBXFileReference section */
		7B2275851779B5A5002984AC /* Common.xcconfig */ = {isa = PBXFileReference; lastKnownFileType = text.xcconfig; path = Common.xcconfig; sourceTree = "<group>"; };
		7B2275871779B5A5002984AC /* Debug.xcconfig */ = {isa = PBXFileReference; lastKnownFileType = text.xcconfig; path = Debug.xcconfig; sourceTree = "<group>"; };
		7B2275881779B5A5002984AC /* Profile.xcconfig */ = {isa = PBXFileReference; lastKnownFileType = text.xcconfig; path = Profile.xcconfig; sourceTree = "<group>"; };
		7B2275891779B5A5002984AC /* Release.xcconfig */ = {isa = PBXFileReference; lastKnownFileType = text.xcconfig; path = Release.xcconfig; sourceTree = "<group>"; };
		7B22758A1779B5A5002984AC /* Test.xcconfig */ = {isa = PBXFileReference; lastKnownFileType = text.xcconfig; path = Test.xcconfig; sourceTree = "<group>"; };
		7B22758C1779B5A5002984AC /* Application.xcconfig */ = {isa = PBXFileReference; lastKnownFileType = text.xcconfig; path = Application.xcconfig; sourceTree = "<group>"; };
		7B22758D1779B5A5002984AC /* StaticLibrary.xcconfig */ = {isa = PBXFileReference; lastKnownFileType = text.xcconfig; path = StaticLibrary.xcconfig; sourceTree = "<group>"; };
		7B22758F1779B5A5002984AC /* iOS-Application.xcconfig */ = {isa = PBXFileReference; lastKnownFileType = text.xcconfig; path = "iOS-Application.xcconfig"; sourceTree = "<group>"; };
		7B2275901779B5A5002984AC /* iOS-Base.xcconfig */ = {isa = PBXFileReference; lastKnownFileType = text.xcconfig; path = "iOS-Base.xcconfig"; sourceTree = "<group>"; };
		7B2275911779B5A5002984AC /* iOS-StaticLibrary.xcconfig */ = {isa = PBXFileReference; lastKnownFileType = text.xcconfig; path = "iOS-StaticLibrary.xcconfig"; sourceTree = "<group>"; };
		7B2275931779B5A5002984AC /* Mac-Application.xcconfig */ = {isa = PBXFileReference; lastKnownFileType = text.xcconfig; path = "Mac-Application.xcconfig"; sourceTree = "<group>"; };
		7B2275941779B5A5002984AC /* Mac-Base.xcconfig */ = {isa = PBXFileReference; lastKnownFileType = text.xcconfig; path = "Mac-Base.xcconfig"; sourceTree = "<group>"; };
		7B2275951779B5A5002984AC /* Mac-DynamicLibrary.xcconfig */ = {isa = PBXFileReference; lastKnownFileType = text.xcconfig; path = "Mac-DynamicLibrary.xcconfig"; sourceTree = "<group>"; };
		7B2275961779B5A5002984AC /* Mac-Framework.xcconfig */ = {isa = PBXFileReference; lastKnownFileType = text.xcconfig; path = "Mac-Framework.xcconfig"; sourceTree = "<group>"; };
		7B2275971779B5A5002984AC /* Mac-StaticLibrary.xcconfig */ = {isa = PBXFileReference; lastKnownFileType = text.xcconfig; path = "Mac-StaticLibrary.xcconfig"; sourceTree = "<group>"; };
		7B2275981779B5A5002984AC /* README.md */ = {isa = PBXFileReference; lastKnownFileType = text; path = README.md; sourceTree = "<group>"; };
		7B22759A1779BFFE002984AC /* NSObject+REObserver.h */ = {isa = PBXFileReference; fileEncoding = 4; lastKnownFileType = sourcecode.c.h; path = "NSObject+REObserver.h"; sourceTree = "<group>"; };
		7B22759B1779BFFE002984AC /* NSObject+REObserver.m */ = {isa = PBXFileReference; fileEncoding = 4; lastKnownFileType = sourcecode.c.objc; path = "NSObject+REObserver.m"; sourceTree = "<group>"; };
		7B22759C1779BFFE002984AC /* NSObject+REResponder.h */ = {isa = PBXFileReference; fileEncoding = 4; lastKnownFileType = sourcecode.c.h; path = "NSObject+REResponder.h"; sourceTree = "<group>"; };
		7B22759D1779BFFE002984AC /* NSObject+REResponder.m */ = {isa = PBXFileReference; fileEncoding = 4; lastKnownFileType = sourcecode.c.objc; path = "NSObject+REResponder.m"; sourceTree = "<group>"; };
		7B22759E1779BFFE002984AC /* REKit.h */ = {isa = PBXFileReference; fileEncoding = 4; lastKnownFileType = sourcecode.c.h; path = REKit.h; sourceTree = "<group>"; };
		7B22759F1779BFFE002984AC /* REUtil.h */ = {isa = PBXFileReference; fileEncoding = 4; lastKnownFileType = sourcecode.c.h; path = REUtil.h; sourceTree = "<group>"; };
		7B2275A01779BFFE002984AC /* REUtil.m */ = {isa = PBXFileReference; fileEncoding = 4; lastKnownFileType = sourcecode.c.objc; path = REUtil.m; sourceTree = "<group>"; };
		7B2275A81779DDFF002984AC /* NSObject+Primitives.h */ = {isa = PBXFileReference; lastKnownFileType = sourcecode.c.h; name = "NSObject+Primitives.h"; path = "AtoZAutoBox/NSObject+Primitives.h"; sourceTree = "<group>"; };
		7B2275A91779DDFF002984AC /* NSObject+Primitives.m */ = {isa = PBXFileReference; lastKnownFileType = sourcecode.c.objc; name = "NSObject+Primitives.m"; path = "AtoZAutoBox/NSObject+Primitives.m"; sourceTree = "<group>"; };
		7B2275AC177A11CA002984AC /* NSObject+DynamicProperties.h */ = {isa = PBXFileReference; fileEncoding = 4; lastKnownFileType = sourcecode.c.h; name = "NSObject+DynamicProperties.h"; path = "AtoZAutoBox/NSObject+DynamicProperties.h"; sourceTree = "<group>"; };
		7B2275AD177A11CA002984AC /* NSObject+DynamicProperties.m */ = {isa = PBXFileReference; fileEncoding = 4; lastKnownFileType = sourcecode.c.objc; name = "NSObject+DynamicProperties.m"; path = "AtoZAutoBox/NSObject+DynamicProperties.m"; sourceTree = "<group>"; };
		7B4C6B97177BA67400CF1D50 /* REResponderLogicTests.m */ = {isa = PBXFileReference; fileEncoding = 4; lastKnownFileType = sourcecode.c.objc; name = REResponderLogicTests.m; path = REKit/REKitLogicTests/REResponderLogicTests.m; sourceTree = SOURCE_ROOT; };
		7B4C6B98177BA67400CF1D50 /* REObserverLogicTests.h */ = {isa = PBXFileReference; fileEncoding = 4; lastKnownFileType = sourcecode.c.h; name = REObserverLogicTests.h; path = REKit/REKitLogicTests/REObserverLogicTests.h; sourceTree = SOURCE_ROOT; };
		7B4C6B99177BA67400CF1D50 /* REObserverLogicTests.m */ = {isa = PBXFileReference; fileEncoding = 4; lastKnownFileType = sourcecode.c.objc; name = REObserverLogicTests.m; path = REKit/REKitLogicTests/REObserverLogicTests.m; sourceTree = SOURCE_ROOT; };
		7B4C6B9A177BA67400CF1D50 /* REResponderARCLogicTests.h */ = {isa = PBXFileReference; fileEncoding = 4; lastKnownFileType = sourcecode.c.h; name = REResponderARCLogicTests.h; path = REKit/REKitLogicTests/REResponderARCLogicTests.h; sourceTree = SOURCE_ROOT; };
		7B4C6B9B177BA67400CF1D50 /* REResponderARCLogicTests.m */ = {isa = PBXFileReference; fileEncoding = 4; lastKnownFileType = sourcecode.c.objc; name = REResponderARCLogicTests.m; path = REKit/REKitLogicTests/REResponderARCLogicTests.m; sourceTree = SOURCE_ROOT; };
		7B4C6B9C177BA67400CF1D50 /* REResponderLogicTests.h */ = {isa = PBXFileReference; fileEncoding = 4; lastKnownFileType = sourcecode.c.h; name = REResponderLogicTests.h; path = REKit/REKitLogicTests/REResponderLogicTests.h; sourceTree = SOURCE_ROOT; };
		7B4C6B9D177BA67400CF1D50 /* RETestObject.h */ = {isa = PBXFileReference; fileEncoding = 4; lastKnownFileType = sourcecode.c.h; name = RETestObject.h; path = REKit/REKitLogicTests/RETestObject.h; sourceTree = SOURCE_ROOT; };
		7B4C6B9E177BA67400CF1D50 /* RETestObject.m */ = {isa = PBXFileReference; fileEncoding = 4; lastKnownFileType = sourcecode.c.objc; name = RETestObject.m; path = REKit/REKitLogicTests/RETestObject.m; sourceTree = SOURCE_ROOT; };
		7B4C6B9F177BA67400CF1D50 /* REUtilLogicTests.h */ = {isa = PBXFileReference; fileEncoding = 4; lastKnownFileType = sourcecode.c.h; name = REUtilLogicTests.h; path = REKit/REKitLogicTests/REUtilLogicTests.h; sourceTree = SOURCE_ROOT; };
		7B4C6BA0177BA67400CF1D50 /* REUtilLogicTests.m */ = {isa = PBXFileReference; fileEncoding = 4; lastKnownFileType = sourcecode.c.objc; name = REUtilLogicTests.m; path = REKit/REKitLogicTests/REUtilLogicTests.m; sourceTree = SOURCE_ROOT; };
		7BC4254D1776799C00928201 /* libAtoZAutoBox.a */ = {isa = PBXFileReference; explicitFileType = archive.ar; includeInIndex = 0; path = libAtoZAutoBox.a; sourceTree = BUILT_PRODUCTS_DIR; };
		7BC425501776799C00928201 /* Cocoa.framework */ = {isa = PBXFileReference; lastKnownFileType = wrapper.framework; name = Cocoa.framework; path = System/Library/Frameworks/Cocoa.framework; sourceTree = SDKROOT; };
		7BC425531776799C00928201 /* Foundation.framework */ = {isa = PBXFileReference; lastKnownFileType = wrapper.framework; name = Foundation.framework; path = System/Library/Frameworks/Foundation.framework; sourceTree = SDKROOT; };
		7BC425541776799C00928201 /* CoreData.framework */ = {isa = PBXFileReference; lastKnownFileType = wrapper.framework; name = CoreData.framework; path = System/Library/Frameworks/CoreData.framework; sourceTree = SDKROOT; };
		7BC425551776799C00928201 /* AppKit.framework */ = {isa = PBXFileReference; lastKnownFileType = wrapper.framework; name = AppKit.framework; path = System/Library/Frameworks/AppKit.framework; sourceTree = SDKROOT; };
		7BC425581776799C00928201 /* AtoZAutoBox-Prefix.pch */ = {isa = PBXFileReference; lastKnownFileType = sourcecode.c.h; name = "AtoZAutoBox-Prefix.pch"; path = "../AtoZAutoBox/AtoZAutoBox-Prefix.pch"; sourceTree = "<group>"; };
		7BC425591776799C00928201 /* AtoZAutoBox.h */ = {isa = PBXFileReference; lastKnownFileType = sourcecode.c.h; name = AtoZAutoBox.h; path = AtoZAutoBox/AtoZAutoBox.h; sourceTree = "<group>"; };
		7BC4255A1776799C00928201 /* AtoZAutoBox.m */ = {isa = PBXFileReference; lastKnownFileType = sourcecode.c.objc; name = AtoZAutoBox.m; path = AtoZAutoBox/AtoZAutoBox.m; sourceTree = "<group>"; };
		7BC425601776799D00928201 /* AtoZAutoBoxTests.xctest */ = {isa = PBXFileReference; explicitFileType = folder; includeInIndex = 0; path = AtoZAutoBoxTests.xctest; sourceTree = BUILT_PRODUCTS_DIR; };
		7BC425611776799D00928201 /* XCTest.framework */ = {isa = PBXFileReference; lastKnownFileType = wrapper.framework; name = XCTest.framework; path = Library/Frameworks/XCTest.framework; sourceTree = DEVELOPER_DIR; };
		7BC425691776799D00928201 /* AtoZAutoBoxTests-Info.plist */ = {isa = PBXFileReference; lastKnownFileType = text.plist.xml; path = "AtoZAutoBoxTests-Info.plist"; sourceTree = "<group>"; };
		7BC4256B1776799D00928201 /* en */ = {isa = PBXFileReference; lastKnownFileType = text.plist.strings; name = en; path = en.lproj/InfoPlist.strings; sourceTree = "<group>"; };
		7BC4256D1776799D00928201 /* AtoZAutoBoxTests.m */ = {isa = PBXFileReference; lastKnownFileType = sourcecode.c.objc; path = AtoZAutoBoxTests.m; sourceTree = "<group>"; };
		7BCAFBD51788584E00650943 /* main.m */ = {isa = PBXFileReference; fileEncoding = 4; lastKnownFileType = sourcecode.c.objc; path = main.m; sourceTree = "<group>"; };
		7BCAFBD71788584E00650943 /* MARTNSObject.h */ = {isa = PBXFileReference; fileEncoding = 4; lastKnownFileType = sourcecode.c.h; path = MARTNSObject.h; sourceTree = "<group>"; };
		7BCAFBD81788584E00650943 /* MARTNSObject.m */ = {isa = PBXFileReference; fileEncoding = 4; lastKnownFileType = sourcecode.c.objc; path = MARTNSObject.m; sourceTree = "<group>"; };
		7BCAFBD91788584E00650943 /* README.markdown */ = {isa = PBXFileReference; fileEncoding = 4; lastKnownFileType = text; path = README.markdown; sourceTree = "<group>"; };
		7BCAFBDA1788584E00650943 /* RTIvar.h */ = {isa = PBXFileReference; fileEncoding = 4; lastKnownFileType = sourcecode.c.h; path = RTIvar.h; sourceTree = "<group>"; };
		7BCAFBDB1788584E00650943 /* RTIvar.m */ = {isa = PBXFileReference; fileEncoding = 4; lastKnownFileType = sourcecode.c.objc; path = RTIvar.m; sourceTree = "<group>"; };
		7BCAFBDC1788584E00650943 /* RTMethod.h */ = {isa = PBXFileReference; fileEncoding = 4; lastKnownFileType = sourcecode.c.h; path = RTMethod.h; sourceTree = "<group>"; };
		7BCAFBDD1788584E00650943 /* RTMethod.m */ = {isa = PBXFileReference; fileEncoding = 4; lastKnownFileType = sourcecode.c.objc; path = RTMethod.m; sourceTree = "<group>"; };
		7BCAFBDE1788584E00650943 /* RTProperty.h */ = {isa = PBXFileReference; fileEncoding = 4; lastKnownFileType = sourcecode.c.h; path = RTProperty.h; sourceTree = "<group>"; };
		7BCAFBDF1788584E00650943 /* RTProperty.m */ = {isa = PBXFileReference; fileEncoding = 4; lastKnownFileType = sourcecode.c.objc; path = RTProperty.m; sourceTree = "<group>"; };
		7BCAFBE01788584E00650943 /* RTProtocol.h */ = {isa = PBXFileReference; fileEncoding = 4; lastKnownFileType = sourcecode.c.h; path = RTProtocol.h; sourceTree = "<group>"; };
		7BCAFBE11788584E00650943 /* RTProtocol.m */ = {isa = PBXFileReference; fileEncoding = 4; lastKnownFileType = sourcecode.c.objc; path = RTProtocol.m; sourceTree = "<group>"; };
		7BCAFBE21788584E00650943 /* RTUnregisteredClass.h */ = {isa = PBXFileReference; fileEncoding = 4; lastKnownFileType = sourcecode.c.h; path = RTUnregisteredClass.h; sourceTree = "<group>"; };
		7BCAFBE31788584E00650943 /* RTUnregisteredClass.m */ = {isa = PBXFileReference; fileEncoding = 4; lastKnownFileType = sourcecode.c.objc; path = RTUnregisteredClass.m; sourceTree = "<group>"; };
		7BCAFBE71788584E00650943 /* MAObjCRuntime.xcodeproj */ = {isa = PBXFileReference; lastKnownFileType = "wrapper.pb-project"; path = MAObjCRuntime.xcodeproj; sourceTree = "<group>"; };
		7BCAFBEA1788584F00650943 /* MAObjCRuntime_Prefix.pch */ = {isa = PBXFileReference; fileEncoding = 4; lastKnownFileType = sourcecode.c.h; path = MAObjCRuntime_Prefix.pch; sourceTree = "<group>"; };
		7BD354CC177BAF8800A5C85C /* SenTestingKit.framework */ = {isa = PBXFileReference; lastKnownFileType = wrapper.framework; name = SenTestingKit.framework; path = Library/Frameworks/SenTestingKit.framework; sourceTree = DEVELOPER_DIR; };
/* End PBXFileReference section */

/* Begin PBXFrameworksBuildPhase section */
		7BC4254A1776799C00928201 /* Frameworks */ = {
			isa = PBXFrameworksBuildPhase;
			buildActionMask = 2147483647;
			files = (
				7BC425511776799C00928201 /* Cocoa.framework in Frameworks */,
			);
			runOnlyForDeploymentPostprocessing = 0;
		};
		7BC4255D1776799D00928201 /* Frameworks */ = {
			isa = PBXFrameworksBuildPhase;
			buildActionMask = 2147483647;
			files = (
				7BD354CD177BAF8800A5C85C /* SenTestingKit.framework in Frameworks */,
				7BC425631776799D00928201 /* Cocoa.framework in Frameworks */,
				7BC425621776799D00928201 /* XCTest.framework in Frameworks */,
				7BC425661776799D00928201 /* libAtoZAutoBox.a in Frameworks */,
			);
			runOnlyForDeploymentPostprocessing = 0;
		};
/* End PBXFrameworksBuildPhase section */

/* Begin PBXGroup section */
		7B2275831779B5A5002984AC /* Configuration */ = {
			isa = PBXGroup;
			children = (
				7BC425581776799C00928201 /* AtoZAutoBox-Prefix.pch */,
				7B2275841779B5A5002984AC /* Base */,
				7B22758E1779B5A5002984AC /* iOS */,
				7B2275921779B5A5002984AC /* Mac OS X */,
				7B2275981779B5A5002984AC /* README.md */,
			);
			path = Configuration;
			sourceTree = "<group>";
		};
		7B2275841779B5A5002984AC /* Base */ = {
			isa = PBXGroup;
			children = (
				7B2275851779B5A5002984AC /* Common.xcconfig */,
				7B2275861779B5A5002984AC /* Configurations */,
				7B22758B1779B5A5002984AC /* Targets */,
			);
			path = Base;
			sourceTree = "<group>";
		};
		7B2275861779B5A5002984AC /* Configurations */ = {
			isa = PBXGroup;
			children = (
				7B2275871779B5A5002984AC /* Debug.xcconfig */,
				7B2275881779B5A5002984AC /* Profile.xcconfig */,
				7B2275891779B5A5002984AC /* Release.xcconfig */,
				7B22758A1779B5A5002984AC /* Test.xcconfig */,
			);
			path = Configurations;
			sourceTree = "<group>";
		};
		7B22758B1779B5A5002984AC /* Targets */ = {
			isa = PBXGroup;
			children = (
				7B22758C1779B5A5002984AC /* Application.xcconfig */,
				7B22758D1779B5A5002984AC /* StaticLibrary.xcconfig */,
			);
			path = Targets;
			sourceTree = "<group>";
		};
		7B22758E1779B5A5002984AC /* iOS */ = {
			isa = PBXGroup;
			children = (
				7B22758F1779B5A5002984AC /* iOS-Application.xcconfig */,
				7B2275901779B5A5002984AC /* iOS-Base.xcconfig */,
				7B2275911779B5A5002984AC /* iOS-StaticLibrary.xcconfig */,
			);
			path = iOS;
			sourceTree = "<group>";
		};
		7B2275921779B5A5002984AC /* Mac OS X */ = {
			isa = PBXGroup;
			children = (
				7B2275931779B5A5002984AC /* Mac-Application.xcconfig */,
				7B2275941779B5A5002984AC /* Mac-Base.xcconfig */,
				7B2275951779B5A5002984AC /* Mac-DynamicLibrary.xcconfig */,
				7B2275961779B5A5002984AC /* Mac-Framework.xcconfig */,
				7B2275971779B5A5002984AC /* Mac-StaticLibrary.xcconfig */,
			);
			path = "Mac OS X";
			sourceTree = "<group>";
		};
		7B2275991779BFFE002984AC /* REKit */ = {
			isa = PBXGroup;
			children = (
				7B22759A1779BFFE002984AC /* NSObject+REObserver.h */,
				7B22759B1779BFFE002984AC /* NSObject+REObserver.m */,
				7B22759C1779BFFE002984AC /* NSObject+REResponder.h */,
				7B22759D1779BFFE002984AC /* NSObject+REResponder.m */,
				7B22759E1779BFFE002984AC /* REKit.h */,
				7B22759F1779BFFE002984AC /* REUtil.h */,
				7B2275A01779BFFE002984AC /* REUtil.m */,
			);
			name = REKit;
			path = REKit/REKit;
			sourceTree = "<group>";
		};
		7BC425441776799B00928201 = {
			isa = PBXGroup;
			children = (
				7BC425591776799C00928201 /* AtoZAutoBox.h */,
				7BC4255A1776799C00928201 /* AtoZAutoBox.m */,
				7BCAFBD21788584E00650943 /* MAObjCRuntime */,
				7B2275AC177A11CA002984AC /* NSObject+DynamicProperties.h */,
				7B2275AD177A11CA002984AC /* NSObject+DynamicProperties.m */,
				7B2275A81779DDFF002984AC /* NSObject+Primitives.h */,
				7B2275A91779DDFF002984AC /* NSObject+Primitives.m */,
				7B2275991779BFFE002984AC /* REKit */,
				7B2275831779B5A5002984AC /* Configuration */,
				7BC425671776799D00928201 /* AtoZAutoBoxTests */,
				7BC4254F1776799C00928201 /* Frameworks */,
				7BC4254E1776799C00928201 /* Products */,
			);
			sourceTree = "<group>";
		};
		7BC4254E1776799C00928201 /* Products */ = {
			isa = PBXGroup;
			children = (
				7BC4254D1776799C00928201 /* libAtoZAutoBox.a */,
				7BC425601776799D00928201 /* AtoZAutoBoxTests.xctest */,
			);
			name = Products;
			sourceTree = "<group>";
		};
		7BC4254F1776799C00928201 /* Frameworks */ = {
			isa = PBXGroup;
			children = (
				7BD354CC177BAF8800A5C85C /* SenTestingKit.framework */,
				7BC425501776799C00928201 /* Cocoa.framework */,
				7BC425611776799D00928201 /* XCTest.framework */,
				7BC425521776799C00928201 /* Other Frameworks */,
			);
			name = Frameworks;
			sourceTree = "<group>";
		};
		7BC425521776799C00928201 /* Other Frameworks */ = {
			isa = PBXGroup;
			children = (
				7BC425531776799C00928201 /* Foundation.framework */,
				7BC425541776799C00928201 /* CoreData.framework */,
				7BC425551776799C00928201 /* AppKit.framework */,
			);
			name = "Other Frameworks";
			sourceTree = "<group>";
		};
		7BC425671776799D00928201 /* AtoZAutoBoxTests */ = {
			isa = PBXGroup;
			children = (
				7BC4256D1776799D00928201 /* AtoZAutoBoxTests.m */,
				7B4C6B98177BA67400CF1D50 /* REObserverLogicTests.h */,
				7B4C6B99177BA67400CF1D50 /* REObserverLogicTests.m */,
				7B4C6B9A177BA67400CF1D50 /* REResponderARCLogicTests.h */,
				7B4C6B9B177BA67400CF1D50 /* REResponderARCLogicTests.m */,
				7B4C6B9C177BA67400CF1D50 /* REResponderLogicTests.h */,
				7B4C6B97177BA67400CF1D50 /* REResponderLogicTests.m */,
				7B4C6B9D177BA67400CF1D50 /* RETestObject.h */,
				7B4C6B9E177BA67400CF1D50 /* RETestObject.m */,
				7B4C6B9F177BA67400CF1D50 /* REUtilLogicTests.h */,
				7B4C6BA0177BA67400CF1D50 /* REUtilLogicTests.m */,
				7BC425681776799D00928201 /* Supporting Files */,
			);
			path = AtoZAutoBoxTests;
			sourceTree = "<group>";
		};
		7BC425681776799D00928201 /* Supporting Files */ = {
			isa = PBXGroup;
			children = (
				7BC425691776799D00928201 /* AtoZAutoBoxTests-Info.plist */,
				7BC4256A1776799D00928201 /* InfoPlist.strings */,
			);
			name = "Supporting Files";
			sourceTree = "<group>";
		};
		7BCAFBD21788584E00650943 /* MAObjCRuntime */ = {
			isa = PBXGroup;
			children = (
				7BCAFBD51788584E00650943 /* main.m */,
				7BCAFBD71788584E00650943 /* MARTNSObject.h */,
				7BCAFBD81788584E00650943 /* MARTNSObject.m */,
				7BCAFBD91788584E00650943 /* README.markdown */,
				7BCAFBDA1788584E00650943 /* RTIvar.h */,
				7BCAFBDB1788584E00650943 /* RTIvar.m */,
				7BCAFBDC1788584E00650943 /* RTMethod.h */,
				7BCAFBDD1788584E00650943 /* RTMethod.m */,
				7BCAFBDE1788584E00650943 /* RTProperty.h */,
				7BCAFBDF1788584E00650943 /* RTProperty.m */,
				7BCAFBE01788584E00650943 /* RTProtocol.h */,
				7BCAFBE11788584E00650943 /* RTProtocol.m */,
				7BCAFBE21788584E00650943 /* RTUnregisteredClass.h */,
				7BCAFBE31788584E00650943 /* RTUnregisteredClass.m */,
				7BCAFBE61788584E00650943 /* xcode */,
			);
			path = MAObjCRuntime;
			sourceTree = "<group>";
		};
		7BCAFBE61788584E00650943 /* xcode */ = {
			isa = PBXGroup;
			children = (
				7BCAFBE71788584E00650943 /* MAObjCRuntime.xcodeproj */,
				7BCAFBEA1788584F00650943 /* MAObjCRuntime_Prefix.pch */,
			);
			path = xcode;
			sourceTree = "<group>";
		};
		7BCAFBE81788584E00650943 /* Products */ = {
			isa = PBXGroup;
			children = (
				7BCAFC001788584F00650943 /* MAObjCRuntime */,
				7BCAFC021788584F00650943 /* libMAObjCRuntime_iOS.a */,
				7BCAFC041788584F00650943 /* MAObjCRuntime_iOSTests.octest */,
			);
			name = Products;
			sourceTree = "<group>";
		};
/* End PBXGroup section */

/* Begin PBXHeadersBuildPhase section */
		7B2A59FC17779ADF00D5FE78 /* Headers */ = {
			isa = PBXHeadersBuildPhase;
			buildActionMask = 2147483647;
			files = (
				7B2275AB1779DE63002984AC /* NSObject+Primitives.h in Headers */,
				7B0F52DF177B8B120027FAA2 /* NSObject+REObserver.h in Headers */,
				7B2275AE177A11CA002984AC /* NSObject+DynamicProperties.h in Headers */,
				7B2275A31779BFFE002984AC /* NSObject+REResponder.h in Headers */,
				7BCAFBF71788584F00650943 /* RTUnregisteredClass.h in Headers */,
				7B2275A61779BFFE002984AC /* REUtil.h in Headers */,
				7BCAFBF31788584F00650943 /* RTProperty.h in Headers */,
				7B2A59FB1777933A00D5FE78 /* AtoZAutoBox.h in Headers */,
				7BCAFBF51788584F00650943 /* RTProtocol.h in Headers */,
				7BCAFBF11788584F00650943 /* RTMethod.h in Headers */,
				7BCAFBEF1788584F00650943 /* RTIvar.h in Headers */,
				7BCAFBED1788584F00650943 /* MARTNSObject.h in Headers */,
			);
			runOnlyForDeploymentPostprocessing = 0;
		};
/* End PBXHeadersBuildPhase section */

/* Begin PBXNativeTarget section */
		7BC4254C1776799C00928201 /* AtoZAutoBox */ = {
			isa = PBXNativeTarget;
			buildConfigurationList = 7BC425711776799D00928201 /* Build configuration list for PBXNativeTarget "AtoZAutoBox" */;
			buildPhases = (
				7BC425491776799C00928201 /* Sources */,
				7BC4254A1776799C00928201 /* Frameworks */,
				7B2A59FC17779ADF00D5FE78 /* Headers */,
			);
			buildRules = (
			);
			dependencies = (
			);
			name = AtoZAutoBox;
			productName = AtoZAutoBox;
			productReference = 7BC4254D1776799C00928201 /* libAtoZAutoBox.a */;
			productType = "com.apple.product-type.library.static";
		};
		7BC4255F1776799D00928201 /* AtoZAutoBoxTests */ = {
			isa = PBXNativeTarget;
			buildConfigurationList = 7BC425741776799D00928201 /* Build configuration list for PBXNativeTarget "AtoZAutoBoxTests" */;
			buildPhases = (
				7BC4255C1776799D00928201 /* Sources */,
				7BC4255D1776799D00928201 /* Frameworks */,
				7BC4255E1776799D00928201 /* Resources */,
			);
			buildRules = (
			);
			dependencies = (
				7BC425651776799D00928201 /* PBXTargetDependency */,
			);
			name = AtoZAutoBoxTests;
			productName = AtoZAutoBoxTests;
			productReference = 7BC425601776799D00928201 /* AtoZAutoBoxTests.xctest */;
			productType = "com.apple.product-type.bundle.unit-test";
		};
/* End PBXNativeTarget section */

/* Begin PBXProject section */
		7BC425451776799C00928201 /* Project object */ = {
			isa = PBXProject;
			attributes = {
				LastUpgradeCheck = 0500;
				ORGANIZATIONNAME = "Alex Gray";
			};
			buildConfigurationList = 7BC425481776799C00928201 /* Build configuration list for PBXProject "AtoZAutoBox" */;
			compatibilityVersion = "Xcode 3.2";
			developmentRegion = English;
			hasScannedForEncodings = 0;
			knownRegions = (
				en,
			);
			mainGroup = 7BC425441776799B00928201;
			productRefGroup = 7BC4254E1776799C00928201 /* Products */;
			projectDirPath = "";
			projectReferences = (
				{
					ProductGroup = 7BCAFBE81788584E00650943 /* Products */;
					ProjectRef = 7BCAFBE71788584E00650943 /* MAObjCRuntime.xcodeproj */;
				},
			);
			projectRoot = "";
			targets = (
				7BC4254C1776799C00928201 /* AtoZAutoBox */,
				7BC4255F1776799D00928201 /* AtoZAutoBoxTests */,
			);
		};
/* End PBXProject section */

/* Begin PBXReferenceProxy section */
		7BCAFC001788584F00650943 /* MAObjCRuntime */ = {
			isa = PBXReferenceProxy;
			fileType = "compiled.mach-o.executable";
			path = MAObjCRuntime;
			remoteRef = 7BCAFBFF1788584F00650943 /* PBXContainerItemProxy */;
			sourceTree = BUILT_PRODUCTS_DIR;
		};
		7BCAFC021788584F00650943 /* libMAObjCRuntime_iOS.a */ = {
			isa = PBXReferenceProxy;
			fileType = archive.ar;
			path = libMAObjCRuntime_iOS.a;
			remoteRef = 7BCAFC011788584F00650943 /* PBXContainerItemProxy */;
			sourceTree = BUILT_PRODUCTS_DIR;
		};
		7BCAFC041788584F00650943 /* MAObjCRuntime_iOSTests.octest */ = {
			isa = PBXReferenceProxy;
			fileType = wrapper.cfbundle;
			path = MAObjCRuntime_iOSTests.octest;
			remoteRef = 7BCAFC031788584F00650943 /* PBXContainerItemProxy */;
			sourceTree = BUILT_PRODUCTS_DIR;
		};
/* End PBXReferenceProxy section */

/* Begin PBXResourcesBuildPhase section */
		7BC4255E1776799D00928201 /* Resources */ = {
			isa = PBXResourcesBuildPhase;
			buildActionMask = 2147483647;
			files = (
				7BC4256C1776799D00928201 /* InfoPlist.strings in Resources */,
			);
			runOnlyForDeploymentPostprocessing = 0;
		};
/* End PBXResourcesBuildPhase section */

/* Begin PBXSourcesBuildPhase section */
		7BC425491776799C00928201 /* Sources */ = {
			isa = PBXSourcesBuildPhase;
			buildActionMask = 2147483647;
			files = (
				7BC4255B1776799C00928201 /* AtoZAutoBox.m in Sources */,
				7B2275AA1779DE5D002984AC /* NSObject+Primitives.m in Sources */,
				7B2275AF177A11CA002984AC /* NSObject+DynamicProperties.m in Sources */,
				7BCAFBF61788584F00650943 /* RTProtocol.m in Sources */,
				7B2275A41779BFFE002984AC /* NSObject+REResponder.m in Sources */,
				7B0F52E0177B8B1B0027FAA2 /* NSObject+REObserver.m in Sources */,
				7BCAFBF21788584F00650943 /* RTMethod.m in Sources */,
				7BCAFBF41788584F00650943 /* RTProperty.m in Sources */,
				7BCAFBF01788584F00650943 /* RTIvar.m in Sources */,
				7BCAFBF81788584F00650943 /* RTUnregisteredClass.m in Sources */,
				7BCAFBEE1788584F00650943 /* MARTNSObject.m in Sources */,
				7B2275A71779BFFE002984AC /* REUtil.m in Sources */,
			);
			runOnlyForDeploymentPostprocessing = 0;
		};
		7BC4255C1776799D00928201 /* Sources */ = {
			isa = PBXSourcesBuildPhase;
			buildActionMask = 2147483647;
			files = (
				7BC4256E1776799D00928201 /* AtoZAutoBoxTests.m in Sources */,
				7B4C6BA1177BA67400CF1D50 /* REResponderLogicTests.m in Sources */,
				7B4C6BA2177BA67400CF1D50 /* REObserverLogicTests.m in Sources */,
				7B4C6BA3177BA67400CF1D50 /* REResponderARCLogicTests.m in Sources */,
				7B4C6BA4177BA67400CF1D50 /* RETestObject.m in Sources */,
				7B4C6BA5177BA67400CF1D50 /* REUtilLogicTests.m in Sources */,
			);
			runOnlyForDeploymentPostprocessing = 0;
		};
/* End PBXSourcesBuildPhase section */

/* Begin PBXTargetDependency section */
		7BC425651776799D00928201 /* PBXTargetDependency */ = {
			isa = PBXTargetDependency;
			target = 7BC4254C1776799C00928201 /* AtoZAutoBox */;
			targetProxy = 7BC425641776799D00928201 /* PBXContainerItemProxy */;
		};
/* End PBXTargetDependency section */

/* Begin PBXVariantGroup section */
		7BC4256A1776799D00928201 /* InfoPlist.strings */ = {
			isa = PBXVariantGroup;
			children = (
				7BC4256B1776799D00928201 /* en */,
			);
			name = InfoPlist.strings;
			sourceTree = "<group>";
		};
/* End PBXVariantGroup section */

/* Begin XCBuildConfiguration section */
		7BC4256F1776799D00928201 /* Debug */ = {
			isa = XCBuildConfiguration;
			baseConfigurationReference = 7B2275871779B5A5002984AC /* Debug.xcconfig */;
			buildSettings = {
				ALWAYS_SEARCH_USER_PATHS = NO;
				CLANG_CXX_LANGUAGE_STANDARD = "gnu++0x";
				CLANG_CXX_LIBRARY = "libc++";
				CLANG_ENABLE_MODULES = NO;
				CLANG_ENABLE_OBJC_ARC = YES;
				CLANG_WARN_BOOL_CONVERSION = YES;
				CLANG_WARN_CONSTANT_CONVERSION = YES;
				CLANG_WARN_DIRECT_OBJC_ISA_USAGE = YES_ERROR;
				CLANG_WARN_EMPTY_BODY = YES;
				CLANG_WARN_ENUM_CONVERSION = YES;
				CLANG_WARN_INT_CONVERSION = YES;
				CLANG_WARN_OBJC_ROOT_CLASS = YES_ERROR;
				CLANG_WARN__DUPLICATE_METHOD_MATCH = YES;
				COPY_PHASE_STRIP = NO;
				GCC_C_LANGUAGE_STANDARD = "compiler-default";
				GCC_DYNAMIC_NO_PIC = NO;
				GCC_ENABLE_OBJC_EXCEPTIONS = YES;
				GCC_OPTIMIZATION_LEVEL = 0;
				GCC_PREPROCESSOR_DEFINITIONS = (
					"DEBUG=1",
					"$(inherited)",
				);
				GCC_SYMBOLS_PRIVATE_EXTERN = NO;
				GCC_TREAT_WARNINGS_AS_ERRORS = NO;
				GCC_VERSION = "";
				GCC_WARN_64_TO_32_BIT_CONVERSION = YES;
				GCC_WARN_ABOUT_RETURN_TYPE = YES_ERROR;
				GCC_WARN_UNDECLARED_SELECTOR = YES;
				GCC_WARN_UNINITIALIZED_AUTOS = YES;
				GCC_WARN_UNUSED_FUNCTION = YES;
				GCC_WARN_UNUSED_VARIABLE = YES;
				MACOSX_DEPLOYMENT_TARGET = 10.7;
				ONLY_ACTIVE_ARCH = YES;
				SDKROOT = macosx;
				SKIP_INSTALL = YES;
			};
			name = Debug;
		};
		7BC425701776799D00928201 /* Release */ = {
			isa = XCBuildConfiguration;
			buildSettings = {
				ALWAYS_SEARCH_USER_PATHS = NO;
				CLANG_CXX_LANGUAGE_STANDARD = "gnu++0x";
				CLANG_CXX_LIBRARY = "libc++";
				CLANG_ENABLE_MODULES = NO;
				CLANG_ENABLE_OBJC_ARC = YES;
				CLANG_WARN_BOOL_CONVERSION = YES;
				CLANG_WARN_CONSTANT_CONVERSION = YES;
				CLANG_WARN_DIRECT_OBJC_ISA_USAGE = YES_ERROR;
				CLANG_WARN_EMPTY_BODY = YES;
				CLANG_WARN_ENUM_CONVERSION = YES;
				CLANG_WARN_INT_CONVERSION = YES;
				CLANG_WARN_OBJC_ROOT_CLASS = YES_ERROR;
				CLANG_WARN__DUPLICATE_METHOD_MATCH = YES;
				COPY_PHASE_STRIP = YES;
				DEBUG_INFORMATION_FORMAT = "dwarf-with-dsym";
				ENABLE_NS_ASSERTIONS = NO;
				GCC_C_LANGUAGE_STANDARD = "compiler-default";
				GCC_ENABLE_OBJC_EXCEPTIONS = YES;
				GCC_WARN_64_TO_32_BIT_CONVERSION = YES;
				GCC_WARN_ABOUT_RETURN_TYPE = YES_ERROR;
				GCC_WARN_UNDECLARED_SELECTOR = YES;
				GCC_WARN_UNINITIALIZED_AUTOS = YES;
				GCC_WARN_UNUSED_FUNCTION = YES;
				GCC_WARN_UNUSED_VARIABLE = YES;
				MACOSX_DEPLOYMENT_TARGET = 10.7;
				SDKROOT = macosx;
				SKIP_INSTALL = YES;
			};
			name = Release;
		};
		7BC425721776799D00928201 /* Debug */ = {
			isa = XCBuildConfiguration;
			baseConfigurationReference = 7B2275971779B5A5002984AC /* Mac-StaticLibrary.xcconfig */;
			buildSettings = {
				ARCHS = "$(ARCHS_STANDARD_64_BIT)";
				GCC_C_LANGUAGE_STANDARD = c11;
				PRODUCT_NAME = AtoZAutoBox;
			};
			name = Debug;
		};
		7BC425731776799D00928201 /* Release */ = {
			isa = XCBuildConfiguration;
			buildSettings = {
				ARCHS = "$(ARCHS_STANDARD_64_BIT)";
				GCC_C_LANGUAGE_STANDARD = c11;
				PRODUCT_NAME = AtoZAutoBox;
			};
			name = Release;
		};
		7BC425751776799D00928201 /* Debug */ = {
			isa = XCBuildConfiguration;
			buildSettings = {
				COMBINE_HIDPI_IMAGES = YES;
				FRAMEWORK_SEARCH_PATHS = (
					"$(DEVELOPER_FRAMEWORKS_DIR)",
					"$(inherited)",
				);
				GCC_PRECOMPILE_PREFIX_HEADER = YES;
				GCC_PREFIX_HEADER = "AtoZAutoBox/AtoZAutoBox-Prefix.pch";
				GCC_PREPROCESSOR_DEFINITIONS = (
					"DEBUG=1",
					"$(inherited)",
				);
				INFOPLIST_FILE = "AtoZAutoBoxTests/AtoZAutoBoxTests-Info.plist";
				PRODUCT_NAME = "$(TARGET_NAME)";
				SDKROOT = macosx;
				WRAPPER_EXTENSION = xctest;
			};
			name = Debug;
		};
		7BC425761776799D00928201 /* Release */ = {
			isa = XCBuildConfiguration;
			buildSettings = {
				COMBINE_HIDPI_IMAGES = YES;
				FRAMEWORK_SEARCH_PATHS = (
					"$(DEVELOPER_FRAMEWORKS_DIR)",
					"$(inherited)",
				);
				GCC_PRECOMPILE_PREFIX_HEADER = YES;
				GCC_PREFIX_HEADER = "AtoZAutoBox/AtoZAutoBox-Prefix.pch";
				INFOPLIST_FILE = "AtoZAutoBoxTests/AtoZAutoBoxTests-Info.plist";
				PRODUCT_NAME = "$(TARGET_NAME)";
				SDKROOT = macosx;
				WRAPPER_EXTENSION = xctest;
			};
			name = Release;
		};
/* End XCBuildConfiguration section */

/* Begin XCConfigurationList section */
		7BC425481776799C00928201 /* Build configuration list for PBXProject "AtoZAutoBox" */ = {
			isa = XCConfigurationList;
			buildConfigurations = (
				7BC4256F1776799D00928201 /* Debug */,
				7BC425701776799D00928201 /* Release */,
			);
			defaultConfigurationIsVisible = 0;
			defaultConfigurationName = Release;
		};
		7BC425711776799D00928201 /* Build configuration list for PBXNativeTarget "AtoZAutoBox" */ = {
			isa = XCConfigurationList;
			buildConfigurations = (
				7BC425721776799D00928201 /* Debug */,
				7BC425731776799D00928201 /* Release */,
			);
			defaultConfigurationIsVisible = 0;
			defaultConfigurationName = Release;
		};
		7BC425741776799D00928201 /* Build configuration list for PBXNativeTarget "AtoZAutoBoxTests" */ = {
			isa = XCConfigurationList;
			buildConfigurations = (
				7BC425751776799D00928201 /* Debug */,
				7BC425761776799D00928201 /* Release */,
			);
			defaultConfigurationIsVisible = 0;
			defaultConfigurationName = Release;
		};
/* End XCConfigurationList section */
	};
	rootObject = 7BC425451776799C00928201 /* Project object */;
}
