// !$*UTF8*$!
{
	archiveVersion = 1;
	classes = {
	};
	objectVersion = 46;
	objects = {

/* Begin PBXBuildFile section */
		7B2275AA1779DE5D002984AC /* NSObject+Primitives.m in Sources */ = {isa = PBXBuildFile; fileRef = 7B2275A91779DDFF002984AC /* NSObject+Primitives.m */; };
		7B2275AB1779DE63002984AC /* NSObject+Primitives.h in Headers */ = {isa = PBXBuildFile; fileRef = 7B2275A81779DDFF002984AC /* NSObject+Primitives.h */; settings = {ATTRIBUTES = (Public, ); }; };
		7B2275AE177A11CA002984AC /* NSObject+DynamicProperties.h in Headers */ = {isa = PBXBuildFile; fileRef = 7B2275AC177A11CA002984AC /* NSObject+DynamicProperties.h */; settings = {ATTRIBUTES = (Public, ); }; };
		7B2275AF177A11CA002984AC /* NSObject+DynamicProperties.m in Sources */ = {isa = PBXBuildFile; fileRef = 7B2275AD177A11CA002984AC /* NSObject+DynamicProperties.m */; };
		7B2A59FB1777933A00D5FE78 /* AtoZAutoBox.h in Headers */ = {isa = PBXBuildFile; fileRef = 7BC425591776799C00928201 /* AtoZAutoBox.h */; settings = {ATTRIBUTES = (Public, ); }; };
		7B3453E118A38FDA00D28DF5 /* libAOPProxy.a in Frameworks */ = {isa = PBXBuildFile; fileRef = 7B3453C518A38F9300D28DF5 /* libAOPProxy.a */; };
		7B4B184C178D03860083DA68 /* KVCTrampoline.m in Sources */ = {isa = PBXBuildFile; fileRef = 7B4B1826178D032E0083DA68 /* KVCTrampoline.m */; };
		7B4B184D178D038A0083DA68 /* KVCTrampoline.h in Headers */ = {isa = PBXBuildFile; fileRef = 7B4B1825178D032E0083DA68 /* KVCTrampoline.h */; settings = {ATTRIBUTES = (Public, ); }; };
		7B78F660180A671E00515A10 /* KVCTrampolineTests.m in Sources */ = {isa = PBXBuildFile; fileRef = 7B4B182C178D032E0083DA68 /* KVCTrampolineTests.m */; };
		7B78F661180A671E00515A10 /* AtoZAutoBoxTests.m in Sources */ = {isa = PBXBuildFile; fileRef = 7BC4256D1776799D00928201 /* AtoZAutoBoxTests.m */; };
		7B78F666180A688300515A10 /* libAtoZAutoBox.a in Frameworks */ = {isa = PBXBuildFile; fileRef = 7BC4254D1776799C00928201 /* libAtoZAutoBox.a */; };
		7B9A61BA181D69C900AEA909 /* libMAObjCRuntime.a in Frameworks */ = {isa = PBXBuildFile; fileRef = 7B9D87F4181D34F400043489 /* libMAObjCRuntime.a */; };
		7B9A61DB181D826900AEA909 /* libCollectionsKeyValueFilteringX.a in Frameworks */ = {isa = PBXBuildFile; fileRef = 7B9A61D6181D825800AEA909 /* libCollectionsKeyValueFilteringX.a */; };
		7B9D8799181D1C0A00043489 /* libREKit.a in Frameworks */ = {isa = PBXBuildFile; fileRef = 7B9D8782181D1ABC00043489 /* libREKit.a */; };
		7B9D87CD181D1DB700043489 /* libObjcAssociatedObjectHelper.a in Frameworks */ = {isa = PBXBuildFile; fileRef = 7B9D87CA181D1DA300043489 /* libObjcAssociatedObjectHelper.a */; };
		7BBE688E1823F8340044B655 /* libJATemplate.a in Frameworks */ = {isa = PBXBuildFile; fileRef = 7BBE688D1823F8280044B655 /* libJATemplate.a */; };
		7BC4255B1776799C00928201 /* AtoZAutoBox.m in Sources */ = {isa = PBXBuildFile; fileRef = 7BC4255A1776799C00928201 /* AtoZAutoBox.m */; };
		7BEBFCDD17D87AB8002221BC /* AZRuntimeAdditions.h in Headers */ = {isa = PBXBuildFile; fileRef = 7BEBFCDB17D87AB7002221BC /* AZRuntimeAdditions.h */; settings = {ATTRIBUTES = (Public, ); }; };
		7BEBFCDE17D87AB8002221BC /* AZRuntimeAdditions.m in Sources */ = {isa = PBXBuildFile; fileRef = 7BEBFCDC17D87AB8002221BC /* AZRuntimeAdditions.m */; };
		7BEBFCE417D87B2E002221BC /* AZBlockDescriptions.h in Headers */ = {isa = PBXBuildFile; fileRef = 7BEBFCE217D87B2E002221BC /* AZBlockDescriptions.h */; settings = {ATTRIBUTES = (Public, ); }; };
		7BEBFCE517D87B2E002221BC /* AZBlockDescriptions.m in Sources */ = {isa = PBXBuildFile; fileRef = 7BEBFCE317D87B2E002221BC /* AZBlockDescriptions.m */; };
		7BF6C94D18105D6300895A19 /* libAtoZSingleton.a in Frameworks */ = {isa = PBXBuildFile; fileRef = 7BF6C94518105D4700895A19 /* libAtoZSingleton.a */; };
/* End PBXBuildFile section */

/* Begin PBXContainerItemProxy section */
		7B3453C018A38F9300D28DF5 /* PBXContainerItemProxy */ = {
			isa = PBXContainerItemProxy;
			containerPortal = 7B3453B918A38F9200D28DF5 /* AOPProxy.xcodeproj */;
			proxyType = 2;
			remoteGlobalIDString = 8DD76FA10486AA7600D96B5E;
			remoteInfo = "AOPProxy Demo";
		};
		7B3453C218A38F9300D28DF5 /* PBXContainerItemProxy */ = {
			isa = PBXContainerItemProxy;
			containerPortal = 7B3453B918A38F9200D28DF5 /* AOPProxy.xcodeproj */;
			proxyType = 2;
			remoteGlobalIDString = 6EB474D913F043D400597351;
			remoteInfo = "AOPProxy (iOS)";
		};
		7B3453C418A38F9300D28DF5 /* PBXContainerItemProxy */ = {
			isa = PBXContainerItemProxy;
			containerPortal = 7B3453B918A38F9200D28DF5 /* AOPProxy.xcodeproj */;
			proxyType = 2;
			remoteGlobalIDString = 7B34536B18A3148B00D28DF5;
			remoteInfo = "AOPProxy (OSX)";
		};
		7B3453C618A38F9300D28DF5 /* PBXContainerItemProxy */ = {
			isa = PBXContainerItemProxy;
			containerPortal = 7B3453B918A38F9200D28DF5 /* AOPProxy.xcodeproj */;
			proxyType = 2;
			remoteGlobalIDString = 7B34539D18A33CAD00D28DF5;
			remoteInfo = AOPProxyTests;
		};
		7B3453DE18A38F9C00D28DF5 /* PBXContainerItemProxy */ = {
			isa = PBXContainerItemProxy;
			containerPortal = 7B3453B918A38F9200D28DF5 /* AOPProxy.xcodeproj */;
			proxyType = 1;
			remoteGlobalIDString = 7B34536A18A3148B00D28DF5;
			remoteInfo = "AOPProxy (OSX)";
		};
		7B78F659180A670100515A10 /* PBXContainerItemProxy */ = {
			isa = PBXContainerItemProxy;
			containerPortal = 7BC425451776799C00928201 /* Project object */;
			proxyType = 1;
			remoteGlobalIDString = 7BC4254C1776799C00928201;
			remoteInfo = AtoZAutoBox;
		};
		7B9A61B8181D69BA00AEA909 /* PBXContainerItemProxy */ = {
			isa = PBXContainerItemProxy;
			containerPortal = 7B9D87E5181D34F300043489 /* MAObjCRuntime.xcodeproj */;
			proxyType = 1;
			remoteGlobalIDString = 7B5F1C871816C07600329B3E;
			remoteInfo = MAObjCRuntime;
		};
		7B9A61D3181D825800AEA909 /* PBXContainerItemProxy */ = {
			isa = PBXContainerItemProxy;
			containerPortal = 7B9A61CD181D825800AEA909 /* CollectionsKeyValueFiltering.xcodeproj */;
			proxyType = 2;
			remoteGlobalIDString = 37A80DEE150B8CE800B9B6E1;
			remoteInfo = "CollectionsKeyValueFiltering-ios";
		};
		7B9A61D5181D825800AEA909 /* PBXContainerItemProxy */ = {
			isa = PBXContainerItemProxy;
			containerPortal = 7B9A61CD181D825800AEA909 /* CollectionsKeyValueFiltering.xcodeproj */;
			proxyType = 2;
			remoteGlobalIDString = 37235E741662BCCB00F33BF1;
			remoteInfo = CollectionsKeyValueFilteringX;
		};
		7B9A61D7181D825800AEA909 /* PBXContainerItemProxy */ = {
			isa = PBXContainerItemProxy;
			containerPortal = 7B9A61CD181D825800AEA909 /* CollectionsKeyValueFiltering.xcodeproj */;
			proxyType = 2;
			remoteGlobalIDString = 37A80DFE150B8CE800B9B6E1;
			remoteInfo = CollectionsKeyValueFilteringTests;
		};
		7B9A61D9181D825E00AEA909 /* PBXContainerItemProxy */ = {
			isa = PBXContainerItemProxy;
			containerPortal = 7B9A61CD181D825800AEA909 /* CollectionsKeyValueFiltering.xcodeproj */;
			proxyType = 1;
			remoteGlobalIDString = 37235E731662BCCB00F33BF1;
			remoteInfo = CollectionsKeyValueFilteringX;
		};
		7B9D8748181D172800043489 /* PBXContainerItemProxy */ = {
			isa = PBXContainerItemProxy;
			containerPortal = 7B9D8743181D172700043489 /* Mac_REKit.xcodeproj */;
			proxyType = 2;
			remoteGlobalIDString = EBA420DB167DE1BE0052D11E;
			remoteInfo = Mac_REKit;
		};
		7B9D874A181D172800043489 /* PBXContainerItemProxy */ = {
			isa = PBXContainerItemProxy;
			containerPortal = 7B9D8743181D172700043489 /* Mac_REKit.xcodeproj */;
			proxyType = 2;
			remoteGlobalIDString = EBA42118167DE1F20052D11E;
			remoteInfo = Mac_REKitLogicTests;
		};
		7B9D8781181D1ABC00043489 /* PBXContainerItemProxy */ = {
			isa = PBXContainerItemProxy;
			containerPortal = 7B9D8743181D172700043489 /* Mac_REKit.xcodeproj */;
			proxyType = 2;
			remoteGlobalIDString = 7B9D8751181D185F00043489;
			remoteInfo = REKit;
		};
		7B9D878B181D1B9300043489 /* PBXContainerItemProxy */ = {
			isa = PBXContainerItemProxy;
			containerPortal = 7B9D8784181D1B9200043489 /* ObjcAssociatedObjectHelpers.xcodeproj */;
			proxyType = 2;
			remoteGlobalIDString = 49AD1B5616C282A10061BDC1;
			remoteInfo = ObjcAssociatedObjectHelpersLib;
		};
		7B9D878D181D1B9300043489 /* PBXContainerItemProxy */ = {
			isa = PBXContainerItemProxy;
			containerPortal = 7B9D8784181D1B9200043489 /* ObjcAssociatedObjectHelpers.xcodeproj */;
			proxyType = 2;
			remoteGlobalIDString = 4918B9AE168498F000D4EAC4;
			remoteInfo = ObjcAssociatedObjectHelpersLibTests;
		};
		7B9D878F181D1B9300043489 /* PBXContainerItemProxy */ = {
			isa = PBXContainerItemProxy;
			containerPortal = 7B9D8784181D1B9200043489 /* ObjcAssociatedObjectHelpers.xcodeproj */;
			proxyType = 2;
			remoteGlobalIDString = 49AD1B6716C2838C0061BDC1;
			remoteInfo = ObjcAssociatedObjectHelpers;
		};
		7B9D8791181D1B9300043489 /* PBXContainerItemProxy */ = {
			isa = PBXContainerItemProxy;
			containerPortal = 7B9D8784181D1B9200043489 /* ObjcAssociatedObjectHelpers.xcodeproj */;
			proxyType = 2;
			remoteGlobalIDString = 49AEF1591619FB2C009D9F9B;
			remoteInfo = ObjcAssociatedObjectHelpersTests;
		};
		7B9D8796181D1BEA00043489 /* PBXContainerItemProxy */ = {
			isa = PBXContainerItemProxy;
			containerPortal = 7B9D8743181D172700043489 /* Mac_REKit.xcodeproj */;
			proxyType = 1;
			remoteGlobalIDString = 7B9D8750181D185F00043489;
			remoteInfo = REKit;
		};
		7B9D87C9181D1DA300043489 /* PBXContainerItemProxy */ = {
			isa = PBXContainerItemProxy;
			containerPortal = 7B9D8784181D1B9200043489 /* ObjcAssociatedObjectHelpers.xcodeproj */;
			proxyType = 2;
			remoteGlobalIDString = 7B9D879F181D1D5000043489;
			remoteInfo = ObjcAssociatedObjectHelper;
		};
		7B9D87CB181D1DA700043489 /* PBXContainerItemProxy */ = {
			isa = PBXContainerItemProxy;
			containerPortal = 7B9D8784181D1B9200043489 /* ObjcAssociatedObjectHelpers.xcodeproj */;
			proxyType = 1;
			remoteGlobalIDString = 7B9D879E181D1D5000043489;
			remoteInfo = ObjcAssociatedObjectHelper;
		};
		7B9D87ED181D34F400043489 /* PBXContainerItemProxy */ = {
			isa = PBXContainerItemProxy;
			containerPortal = 7B9D87E5181D34F300043489 /* MAObjCRuntime.xcodeproj */;
			proxyType = 2;
			remoteGlobalIDString = 8DD76FA10486AA7600D96B5E;
			remoteInfo = MAObjCRuntime_Tests;
		};
		7B9D87EF181D34F400043489 /* PBXContainerItemProxy */ = {
			isa = PBXContainerItemProxy;
			containerPortal = 7B9D87E5181D34F300043489 /* MAObjCRuntime.xcodeproj */;
			proxyType = 2;
			remoteGlobalIDString = 22A07AE215241A3B008A2A36;
			remoteInfo = MAObjCRuntime_iOS;
		};
		7B9D87F1181D34F400043489 /* PBXContainerItemProxy */ = {
			isa = PBXContainerItemProxy;
			containerPortal = 7B9D87E5181D34F300043489 /* MAObjCRuntime.xcodeproj */;
			proxyType = 2;
			remoteGlobalIDString = 22A07AF115241A3B008A2A36;
			remoteInfo = MAObjCRuntime_iOSTests;
		};
		7B9D87F3181D34F400043489 /* PBXContainerItemProxy */ = {
			isa = PBXContainerItemProxy;
			containerPortal = 7B9D87E5181D34F300043489 /* MAObjCRuntime.xcodeproj */;
			proxyType = 2;
			remoteGlobalIDString = 7B5F1C881816C07600329B3E;
			remoteInfo = MAObjCRuntime;
		};
		7B9D87F5181D34F400043489 /* PBXContainerItemProxy */ = {
			isa = PBXContainerItemProxy;
			containerPortal = 7B9D87E5181D34F300043489 /* MAObjCRuntime.xcodeproj */;
			proxyType = 2;
			remoteGlobalIDString = 7B5F1C991816C07600329B3E;
			remoteInfo = MAObjCRuntimeTests;
		};
		7BBD9D79182CBF35007395D5 /* PBXContainerItemProxy */ = {
			isa = PBXContainerItemProxy;
			containerPortal = 7BBD9D63182CBF34007395D5 /* WMGenericCollection.xcodeproj */;
			proxyType = 2;
			remoteGlobalIDString = 97BECB8916F21C2B0056ACCF;
			remoteInfo = WMGenericCollection;
		};
		7BBD9D7B182CBF35007395D5 /* PBXContainerItemProxy */ = {
			isa = PBXContainerItemProxy;
			containerPortal = 7BBD9D63182CBF34007395D5 /* WMGenericCollection.xcodeproj */;
			proxyType = 2;
			remoteGlobalIDString = 97BECBA916F21C2B0056ACCF;
			remoteInfo = WMGenericCollectionTests;
		};
		7BBD9DB6182CC3A5007395D5 /* PBXContainerItemProxy */ = {
			isa = PBXContainerItemProxy;
			containerPortal = 7BBD9D63182CBF34007395D5 /* WMGenericCollection.xcodeproj */;
			proxyType = 2;
			remoteGlobalIDString = 7BBD9D81182CC267007395D5;
			remoteInfo = TypedCollections;
		};
		7BBD9DB8182CC3A5007395D5 /* PBXContainerItemProxy */ = {
			isa = PBXContainerItemProxy;
			containerPortal = 7BBD9D63182CBF34007395D5 /* WMGenericCollection.xcodeproj */;
			proxyType = 2;
			remoteGlobalIDString = 7BBD9D8D182CC268007395D5;
			remoteInfo = TypedCollectionsTests;
		};
		7BBE68441823EC5A0044B655 /* PBXContainerItemProxy */ = {
			isa = PBXContainerItemProxy;
			containerPortal = 7BBE683A1823EC580044B655 /* JATemplate.xcodeproj */;
			proxyType = 2;
			remoteGlobalIDString = 1ABDBA6E169AFF0100846E17;
			remoteInfo = JATemplate;
		};
		7BBE68461823EC5A0044B655 /* PBXContainerItemProxy */ = {
			isa = PBXContainerItemProxy;
			containerPortal = 7BBE683A1823EC580044B655 /* JATemplate.xcodeproj */;
			proxyType = 2;
			remoteGlobalIDString = 1ABDBA8F169AFF0200846E17;
			remoteInfo = JATemplateTests;
		};
		7BBE68481823EC5A0044B655 /* PBXContainerItemProxy */ = {
			isa = PBXContainerItemProxy;
			containerPortal = 7BBE683A1823EC580044B655 /* JATemplate.xcodeproj */;
			proxyType = 2;
			remoteGlobalIDString = 1AD4298416AFE06700ED323A;
			remoteInfo = JATemplateBenignFuzzer;
		};
		7BBE684A1823EC5A0044B655 /* PBXContainerItemProxy */ = {
			isa = PBXContainerItemProxy;
			containerPortal = 7BBE683A1823EC580044B655 /* JATemplate.xcodeproj */;
			proxyType = 2;
			remoteGlobalIDString = 1AD429A916B086E300ED323A;
			remoteInfo = JATemplateMalignFuzzer;
		};
		7BBE68891823F8270044B655 /* PBXContainerItemProxy */ = {
			isa = PBXContainerItemProxy;
			containerPortal = 7BBE683A1823EC580044B655 /* JATemplate.xcodeproj */;
			proxyType = 1;
			remoteGlobalIDString = 7BBE68591823ECF40044B655;
			remoteInfo = JATemplate;
		};
		7BBE688C1823F8280044B655 /* PBXContainerItemProxy */ = {
			isa = PBXContainerItemProxy;
			containerPortal = 7BBE683A1823EC580044B655 /* JATemplate.xcodeproj */;
			proxyType = 2;
			remoteGlobalIDString = 7BBE685A1823ECF40044B655;
			remoteInfo = JATemplate;
		};
		7BF6C94418105D4700895A19 /* PBXContainerItemProxy */ = {
			isa = PBXContainerItemProxy;
			containerPortal = 7BF6C93F18105D4500895A19 /* AtoZSingleton.xcodeproj */;
			proxyType = 2;
			remoteGlobalIDString = 0A1F37481729A6C10003594D;
			remoteInfo = AtoZSingleton;
		};
		7BF6C94618105D4700895A19 /* PBXContainerItemProxy */ = {
			isa = PBXContainerItemProxy;
			containerPortal = 7BF6C93F18105D4500895A19 /* AtoZSingleton.xcodeproj */;
			proxyType = 2;
			remoteGlobalIDString = 0A1F375C1729A6C10003594D;
			remoteInfo = AtoZSingletonTests;
		};
		7BF6C94B18105D5600895A19 /* PBXContainerItemProxy */ = {
			isa = PBXContainerItemProxy;
			containerPortal = 7BF6C93F18105D4500895A19 /* AtoZSingleton.xcodeproj */;
			proxyType = 1;
			remoteGlobalIDString = 0A1F37471729A6C10003594D;
			remoteInfo = AtoZSingleton;
		};
/* End PBXContainerItemProxy section */

/* Begin PBXFileReference section */
		7B2275A81779DDFF002984AC /* NSObject+Primitives.h */ = {isa = PBXFileReference; lastKnownFileType = sourcecode.c.h; name = "NSObject+Primitives.h"; path = "AtoZAutoBox/NSObject+Primitives.h"; sourceTree = "<group>"; };
		7B2275A91779DDFF002984AC /* NSObject+Primitives.m */ = {isa = PBXFileReference; lastKnownFileType = sourcecode.c.objc; name = "NSObject+Primitives.m"; path = "AtoZAutoBox/NSObject+Primitives.m"; sourceTree = "<group>"; };
		7B2275AC177A11CA002984AC /* NSObject+DynamicProperties.h */ = {isa = PBXFileReference; fileEncoding = 4; lastKnownFileType = sourcecode.c.h; name = "NSObject+DynamicProperties.h"; path = "AtoZAutoBox/NSObject+DynamicProperties.h"; sourceTree = "<group>"; };
		7B2275AD177A11CA002984AC /* NSObject+DynamicProperties.m */ = {isa = PBXFileReference; fileEncoding = 4; lastKnownFileType = sourcecode.c.objc; name = "NSObject+DynamicProperties.m"; path = "AtoZAutoBox/NSObject+DynamicProperties.m"; sourceTree = "<group>"; };
		7B3453B918A38F9200D28DF5 /* AOPProxy.xcodeproj */ = {isa = PBXFileReference; lastKnownFileType = "wrapper.pb-project"; name = AOPProxy.xcodeproj; path = AOPProxy/AOPProxy.xcodeproj; sourceTree = "<group>"; };
		7B3A15BF180C7EA600F63F4D /* Mac-StaticLibrary.xcconfig */ = {isa = PBXFileReference; lastKnownFileType = text.xcconfig; name = "Mac-StaticLibrary.xcconfig"; path = "../../xcconfigs/Mac OS X/Mac-StaticLibrary.xcconfig"; sourceTree = "<group>"; };
		7B45BE6C1820EE53005DBCBD /* .travis.yml */ = {isa = PBXFileReference; lastKnownFileType = text; path = .travis.yml; sourceTree = "<group>"; };
		7B4B1825178D032E0083DA68 /* KVCTrampoline.h */ = {isa = PBXFileReference; lastKnownFileType = sourcecode.c.h; path = KVCTrampoline.h; sourceTree = "<group>"; };
		7B4B1826178D032E0083DA68 /* KVCTrampoline.m */ = {isa = PBXFileReference; lastKnownFileType = sourcecode.c.objc; path = KVCTrampoline.m; sourceTree = "<group>"; };
		7B4B182A178D032E0083DA68 /* README.mdown */ = {isa = PBXFileReference; lastKnownFileType = text; path = README.mdown; sourceTree = "<group>"; };
		7B4B182C178D032E0083DA68 /* KVCTrampolineTests.m */ = {isa = PBXFileReference; lastKnownFileType = sourcecode.c.objc; name = KVCTrampolineTests.m; path = ../KVCTrampoline/KVCTrampolineTests.m; sourceTree = "<group>"; };
		7B78F64C180A670000515A10 /* AtoZAutoBoxTests.octest */ = {isa = PBXFileReference; explicitFileType = wrapper.cfbundle; includeInIndex = 0; path = AtoZAutoBoxTests.octest; sourceTree = BUILT_PRODUCTS_DIR; };
		7B9A61CD181D825800AEA909 /* CollectionsKeyValueFiltering.xcodeproj */ = {isa = PBXFileReference; lastKnownFileType = "wrapper.pb-project"; name = CollectionsKeyValueFiltering.xcodeproj; path = ObjcCollectionsKeyValueFiltering/CollectionsKeyValueFiltering.xcodeproj; sourceTree = "<group>"; };
		7B9D8743181D172700043489 /* Mac_REKit.xcodeproj */ = {isa = PBXFileReference; lastKnownFileType = "wrapper.pb-project"; name = Mac_REKit.xcodeproj; path = REKit/Mac_REKit/Mac_REKit.xcodeproj; sourceTree = "<group>"; };
		7B9D8783181D1B7300043489 /* Test.xcconfig */ = {isa = PBXFileReference; lastKnownFileType = text.xcconfig; name = Test.xcconfig; path = REKit/Mac_REKit/Mac_REKitLogicTests/../../../../../xcconfigs/Base/Configurations/Test.xcconfig; sourceTree = SOURCE_ROOT; };
		7B9D8784181D1B9200043489 /* ObjcAssociatedObjectHelpers.xcodeproj */ = {isa = PBXFileReference; lastKnownFileType = "wrapper.pb-project"; name = ObjcAssociatedObjectHelpers.xcodeproj; path = ObjcAssociatedObjectHelpers/ObjcAssociatedObjectHelpers.xcodeproj; sourceTree = "<group>"; };
		7B9D87E1181D2E7600043489 /* AtoZAutoBoxTests-Prefix.pch */ = {isa = PBXFileReference; lastKnownFileType = sourcecode.c.h; path = "AtoZAutoBoxTests-Prefix.pch"; sourceTree = "<group>"; };
		7B9D87E5181D34F300043489 /* MAObjCRuntime.xcodeproj */ = {isa = PBXFileReference; lastKnownFileType = "wrapper.pb-project"; name = MAObjCRuntime.xcodeproj; path = MAObjCRuntime/xcode/MAObjCRuntime.xcodeproj; sourceTree = "<group>"; };
		7B9D880B181D5CD500043489 /* AssociatedObjectHelpers.h */ = {isa = PBXFileReference; lastKnownFileType = sourcecode.c.h; lineEnding = 0; name = AssociatedObjectHelpers.h; path = ObjcAssociatedObjectHelpers/ObjcAssociatedObjectHelpers/AssociatedObjectHelpers.h; sourceTree = "<group>"; xcLanguageSpecificationIdentifier = xcode.lang.objcpp; };
		7BBD9D63182CBF34007395D5 /* WMGenericCollection.xcodeproj */ = {isa = PBXFileReference; lastKnownFileType = "wrapper.pb-project"; name = WMGenericCollection.xcodeproj; path = WMGenericCollection/WMGenericCollection.xcodeproj; sourceTree = "<group>"; };
		7BBE683A1823EC580044B655 /* JATemplate.xcodeproj */ = {isa = PBXFileReference; lastKnownFileType = "wrapper.pb-project"; name = JATemplate.xcodeproj; path = JATemplate/JATemplate.xcodeproj; sourceTree = "<group>"; };
		7BC4254D1776799C00928201 /* libAtoZAutoBox.a */ = {isa = PBXFileReference; explicitFileType = archive.ar; includeInIndex = 0; path = libAtoZAutoBox.a; sourceTree = BUILT_PRODUCTS_DIR; };
		7BC425591776799C00928201 /* AtoZAutoBox.h */ = {isa = PBXFileReference; lastKnownFileType = sourcecode.c.h; name = AtoZAutoBox.h; path = AtoZAutoBox/AtoZAutoBox.h; sourceTree = "<group>"; };
		7BC4255A1776799C00928201 /* AtoZAutoBox.m */ = {isa = PBXFileReference; lastKnownFileType = sourcecode.c.objc; name = AtoZAutoBox.m; path = AtoZAutoBox/AtoZAutoBox.m; sourceTree = "<group>"; };
		7BC425691776799D00928201 /* AtoZAutoBoxTests-Info.plist */ = {isa = PBXFileReference; lastKnownFileType = text.plist.xml; path = "AtoZAutoBoxTests-Info.plist"; sourceTree = "<group>"; };
		7BC4256D1776799D00928201 /* AtoZAutoBoxTests.m */ = {isa = PBXFileReference; lastKnownFileType = sourcecode.c.objc; path = AtoZAutoBoxTests.m; sourceTree = "<group>"; };
		7BEBFCDB17D87AB7002221BC /* AZRuntimeAdditions.h */ = {isa = PBXFileReference; fileEncoding = 4; lastKnownFileType = sourcecode.c.h; name = AZRuntimeAdditions.h; path = AtoZAutoBox/AZRuntimeAdditions.h; sourceTree = "<group>"; };
		7BEBFCDC17D87AB8002221BC /* AZRuntimeAdditions.m */ = {isa = PBXFileReference; fileEncoding = 4; lastKnownFileType = sourcecode.c.objc; name = AZRuntimeAdditions.m; path = AtoZAutoBox/AZRuntimeAdditions.m; sourceTree = "<group>"; };
		7BEBFCE217D87B2E002221BC /* AZBlockDescriptions.h */ = {isa = PBXFileReference; fileEncoding = 4; lastKnownFileType = sourcecode.c.h; name = AZBlockDescriptions.h; path = AtoZAutoBox/AZBlockDescriptions.h; sourceTree = "<group>"; };
		7BEBFCE317D87B2E002221BC /* AZBlockDescriptions.m */ = {isa = PBXFileReference; fileEncoding = 4; lastKnownFileType = sourcecode.c.objc; name = AZBlockDescriptions.m; path = AtoZAutoBox/AZBlockDescriptions.m; sourceTree = "<group>"; };
		7BF6C93F18105D4500895A19 /* AtoZSingleton.xcodeproj */ = {isa = PBXFileReference; lastKnownFileType = "wrapper.pb-project"; name = AtoZSingleton.xcodeproj; path = ../../../git/AtoZSingleton/AtoZSingleton.xcodeproj; sourceTree = "<group>"; };
/* End PBXFileReference section */

/* Begin PBXFrameworksBuildPhase section */
		7B78F649180A670000515A10 /* Frameworks */ = {
			isa = PBXFrameworksBuildPhase;
			buildActionMask = 2147483647;
			files = (
				7B78F666180A688300515A10 /* libAtoZAutoBox.a in Frameworks */,
			);
			runOnlyForDeploymentPostprocessing = 0;
		};
		7BC4254A1776799C00928201 /* Frameworks */ = {
			isa = PBXFrameworksBuildPhase;
			buildActionMask = 2147483647;
			files = (
				7B3453E118A38FDA00D28DF5 /* libAOPProxy.a in Frameworks */,
				7BBE688E1823F8340044B655 /* libJATemplate.a in Frameworks */,
				7B9A61DB181D826900AEA909 /* libCollectionsKeyValueFilteringX.a in Frameworks */,
				7B9A61BA181D69C900AEA909 /* libMAObjCRuntime.a in Frameworks */,
				7B9D87CD181D1DB700043489 /* libObjcAssociatedObjectHelper.a in Frameworks */,
				7B9D8799181D1C0A00043489 /* libREKit.a in Frameworks */,
				7BF6C94D18105D6300895A19 /* libAtoZSingleton.a in Frameworks */,
			);
			runOnlyForDeploymentPostprocessing = 0;
		};
/* End PBXFrameworksBuildPhase section */

/* Begin PBXGroup section */
		7B3453BA18A38F9200D28DF5 /* Products */ = {
			isa = PBXGroup;
			children = (
				7B3453C118A38F9300D28DF5 /* AOPProxy Demo */,
				7B3453C318A38F9300D28DF5 /* libAOPProxy.a */,
				7B3453C518A38F9300D28DF5 /* libAOPProxy.a */,
				7B3453C718A38F9300D28DF5 /* AOPProxyTests.octest */,
			);
			name = Products;
			sourceTree = "<group>";
		};
		7B4B1823178D032E0083DA68 /* KVCTrampoline */ = {
			isa = PBXGroup;
			children = (
				7B4B1825178D032E0083DA68 /* KVCTrampoline.h */,
				7B4B1826178D032E0083DA68 /* KVCTrampoline.m */,
				7B4B182A178D032E0083DA68 /* README.mdown */,
			);
			path = KVCTrampoline;
			sourceTree = "<group>";
		};
		7B9A61CE181D825800AEA909 /* Products */ = {
			isa = PBXGroup;
			children = (
				7B9A61D4181D825800AEA909 /* libCollectionsKeyValueFiltering-ios.a */,
				7B9A61D6181D825800AEA909 /* libCollectionsKeyValueFilteringX.a */,
				7B9A61D8181D825800AEA909 /* CollectionsKeyValueFilteringTests.octest */,
			);
			name = Products;
			sourceTree = "<group>";
		};
		7B9D8744181D172700043489 /* Products */ = {
			isa = PBXGroup;
			children = (
				7B9D8749181D172800043489 /* Mac_REKit.app */,
				7B9D874B181D172800043489 /* Mac_REKitLogicTests.octest */,
				7B9D8782181D1ABC00043489 /* libREKit.a */,
			);
			name = Products;
			sourceTree = "<group>";
		};
		7B9D8785181D1B9200043489 /* Products */ = {
			isa = PBXGroup;
			children = (
				7B9D878C181D1B9300043489 /* libObjcAssociatedObjectHelpersLib.a */,
				7B9D878E181D1B9300043489 /* ObjcAssociatedObjectHelpersLibTests.octest */,
				7B9D8790181D1B9300043489 /* ObjcAssociatedObjectHelpers.framework */,
				7B9D8792181D1B9300043489 /* ObjcAssociatedObjectHelpersTests.xctest */,
				7B9D87CA181D1DA300043489 /* libObjcAssociatedObjectHelper.a */,
			);
			name = Products;
			sourceTree = "<group>";
		};
		7B9D87E6181D34F300043489 /* Products */ = {
			isa = PBXGroup;
			children = (
				7B9D87EE181D34F400043489 /* MAObjCRuntime */,
				7B9D87F0181D34F400043489 /* libMAObjCRuntime_iOS.a */,
				7B9D87F2181D34F400043489 /* MAObjCRuntime_iOSTests.octest */,
				7B9D87F4181D34F400043489 /* libMAObjCRuntime.a */,
				7B9D87F6181D34F400043489 /* MAObjCRuntimeTests.xctest */,
			);
			name = Products;
			sourceTree = "<group>";
		};
		7BBD9D64182CBF34007395D5 /* Products */ = {
			isa = PBXGroup;
			children = (
				7BBD9D7A182CBF35007395D5 /* WMGenericCollection.app */,
				7BBD9D7C182CBF35007395D5 /* WMGenericCollectionTests.octest */,
				7BBD9DB7182CC3A5007395D5 /* libTypedCollections.a */,
				7BBD9DB9182CC3A5007395D5 /* TypedCollectionsTests.xctest */,
			);
			name = Products;
			sourceTree = "<group>";
		};
		7BBE683B1823EC580044B655 /* Products */ = {
			isa = PBXGroup;
			children = (
				7BBE68451823EC5A0044B655 /* JATemplateTestApp.app */,
				7BBE68471823EC5A0044B655 /* JATemplateTests.octest */,
				7BBE68491823EC5A0044B655 /* JATemplateBenignFuzzer */,
				7BBE684B1823EC5A0044B655 /* JATemplateMalignFuzzer */,
				7BBE688D1823F8280044B655 /* libJATemplate.a */,
			);
			name = Products;
			sourceTree = "<group>";
		};
		7BC425441776799B00928201 = {
			isa = PBXGroup;
			children = (
				7B3453B918A38F9200D28DF5 /* AOPProxy.xcodeproj */,
				7B3A15BF180C7EA600F63F4D /* Mac-StaticLibrary.xcconfig */,
				7BBD9D63182CBF34007395D5 /* WMGenericCollection.xcodeproj */,
				7BBE683A1823EC580044B655 /* JATemplate.xcodeproj */,
				7B45BE6C1820EE53005DBCBD /* .travis.yml */,
				7B9A61CD181D825800AEA909 /* CollectionsKeyValueFiltering.xcodeproj */,
				7B9D87E5181D34F300043489 /* MAObjCRuntime.xcodeproj */,
				7B9D880B181D5CD500043489 /* AssociatedObjectHelpers.h */,
				7B9D8784181D1B9200043489 /* ObjcAssociatedObjectHelpers.xcodeproj */,
				7B9D8743181D172700043489 /* Mac_REKit.xcodeproj */,
				7BF6C93F18105D4500895A19 /* AtoZSingleton.xcodeproj */,
				7B4B1823178D032E0083DA68 /* KVCTrampoline */,
				7BC425591776799C00928201 /* AtoZAutoBox.h */,
				7BC4255A1776799C00928201 /* AtoZAutoBox.m */,
				7B2275AC177A11CA002984AC /* NSObject+DynamicProperties.h */,
				7B2275AD177A11CA002984AC /* NSObject+DynamicProperties.m */,
				7B2275A81779DDFF002984AC /* NSObject+Primitives.h */,
				7B2275A91779DDFF002984AC /* NSObject+Primitives.m */,
				7BEBFCDB17D87AB7002221BC /* AZRuntimeAdditions.h */,
				7BEBFCDC17D87AB8002221BC /* AZRuntimeAdditions.m */,
				7BEBFCE217D87B2E002221BC /* AZBlockDescriptions.h */,
				7BEBFCE317D87B2E002221BC /* AZBlockDescriptions.m */,
				7BC425671776799D00928201 /* AtoZAutoBoxTests */,
				7BC4254E1776799C00928201 /* Products */,
			);
			sourceTree = "<group>";
		};
		7BC4254E1776799C00928201 /* Products */ = {
			isa = PBXGroup;
			children = (
				7BC4254D1776799C00928201 /* libAtoZAutoBox.a */,
				7B78F64C180A670000515A10 /* AtoZAutoBoxTests.octest */,
			);
			name = Products;
			sourceTree = "<group>";
		};
		7BC425671776799D00928201 /* AtoZAutoBoxTests */ = {
			isa = PBXGroup;
			children = (
				7B9D8783181D1B7300043489 /* Test.xcconfig */,
				7B4B182C178D032E0083DA68 /* KVCTrampolineTests.m */,
				7B9D87E1181D2E7600043489 /* AtoZAutoBoxTests-Prefix.pch */,
				7BC4256D1776799D00928201 /* AtoZAutoBoxTests.m */,
				7BC425691776799D00928201 /* AtoZAutoBoxTests-Info.plist */,
			);
			path = AtoZAutoBoxTests;
			sourceTree = "<group>";
		};
		7BF6C94018105D4500895A19 /* Products */ = {
			isa = PBXGroup;
			children = (
				7BF6C94518105D4700895A19 /* libAtoZSingleton.a */,
				7BF6C94718105D4700895A19 /* AtoZSingletonTests.octest */,
			);
			name = Products;
			sourceTree = "<group>";
		};
/* End PBXGroup section */

/* Begin PBXHeadersBuildPhase section */
		7B2A59FC17779ADF00D5FE78 /* Headers */ = {
			isa = PBXHeadersBuildPhase;
			buildActionMask = 2147483647;
			files = (
				7B2275AB1779DE63002984AC /* NSObject+Primitives.h in Headers */,
				7B2275AE177A11CA002984AC /* NSObject+DynamicProperties.h in Headers */,
				7B4B184D178D038A0083DA68 /* KVCTrampoline.h in Headers */,
				7B2A59FB1777933A00D5FE78 /* AtoZAutoBox.h in Headers */,
				7BEBFCDD17D87AB8002221BC /* AZRuntimeAdditions.h in Headers */,
				7BEBFCE417D87B2E002221BC /* AZBlockDescriptions.h in Headers */,
			);
			runOnlyForDeploymentPostprocessing = 0;
		};
/* End PBXHeadersBuildPhase section */

/* Begin PBXNativeTarget section */
		7B78F64B180A670000515A10 /* AtoZAutoBoxTests */ = {
			isa = PBXNativeTarget;
			buildConfigurationList = 7B78F65B180A670100515A10 /* Build configuration list for PBXNativeTarget "AtoZAutoBoxTests" */;
			buildPhases = (
				7B78F648180A670000515A10 /* Sources */,
				7B78F649180A670000515A10 /* Frameworks */,
				7B78F64A180A670000515A10 /* Resources */,
			);
			buildRules = (
			);
			dependencies = (
				7B78F65A180A670100515A10 /* PBXTargetDependency */,
			);
			name = AtoZAutoBoxTests;
			productName = "AtoZAutoBox Tests";
			productReference = 7B78F64C180A670000515A10 /* AtoZAutoBoxTests.octest */;
			productType = "com.apple.product-type.bundle.unit-test";
		};
		7BC4254C1776799C00928201 /* AtoZAutoBox */ = {
			isa = PBXNativeTarget;
			buildConfigurationList = 7BC425711776799D00928201 /* Build configuration list for PBXNativeTarget "AtoZAutoBox" */;
			buildPhases = (
				7BC425491776799C00928201 /* Sources */,
				7BC4254A1776799C00928201 /* Frameworks */,
				7B2A59FC17779ADF00D5FE78 /* Headers */,
			);
			buildRules = (
			);
			dependencies = (
				7B3453DF18A38F9C00D28DF5 /* PBXTargetDependency */,
				7BBE688A1823F8270044B655 /* PBXTargetDependency */,
				7B9A61DA181D825E00AEA909 /* PBXTargetDependency */,
				7B9A61B9181D69BA00AEA909 /* PBXTargetDependency */,
				7B9D87CC181D1DA700043489 /* PBXTargetDependency */,
				7B9D8797181D1BEA00043489 /* PBXTargetDependency */,
				7BF6C94C18105D5600895A19 /* PBXTargetDependency */,
			);
			name = AtoZAutoBox;
			productName = AtoZAutoBox;
			productReference = 7BC4254D1776799C00928201 /* libAtoZAutoBox.a */;
			productType = "com.apple.product-type.library.static";
		};
/* End PBXNativeTarget section */

/* Begin PBXProject section */
		7BC425451776799C00928201 /* Project object */ = {
			isa = PBXProject;
			attributes = {
				LastUpgradeCheck = 0510;
				ORGANIZATIONNAME = "Alex Gray";
				TargetAttributes = {
					7B78F64B180A670000515A10 = {
						TestTargetID = 7BC4254C1776799C00928201;
					};
				};
			};
			buildConfigurationList = 7BC425481776799C00928201 /* Build configuration list for PBXProject "AtoZAutoBox" */;
			compatibilityVersion = "Xcode 3.2";
			developmentRegion = English;
			hasScannedForEncodings = 0;
			knownRegions = (
				en,
			);
			mainGroup = 7BC425441776799B00928201;
			productRefGroup = 7BC4254E1776799C00928201 /* Products */;
			projectDirPath = "";
			projectReferences = (
				{
					ProductGroup = 7B3453BA18A38F9200D28DF5 /* Products */;
					ProjectRef = 7B3453B918A38F9200D28DF5 /* AOPProxy.xcodeproj */;
				},
				{
					ProductGroup = 7BF6C94018105D4500895A19 /* Products */;
					ProjectRef = 7BF6C93F18105D4500895A19 /* AtoZSingleton.xcodeproj */;
				},
				{
					ProductGroup = 7B9A61CE181D825800AEA909 /* Products */;
					ProjectRef = 7B9A61CD181D825800AEA909 /* CollectionsKeyValueFiltering.xcodeproj */;
				},
				{
					ProductGroup = 7BBE683B1823EC580044B655 /* Products */;
					ProjectRef = 7BBE683A1823EC580044B655 /* JATemplate.xcodeproj */;
				},
				{
					ProductGroup = 7B9D8744181D172700043489 /* Products */;
					ProjectRef = 7B9D8743181D172700043489 /* Mac_REKit.xcodeproj */;
				},
				{
					ProductGroup = 7B9D87E6181D34F300043489 /* Products */;
					ProjectRef = 7B9D87E5181D34F300043489 /* MAObjCRuntime.xcodeproj */;
				},
				{
					ProductGroup = 7B9D8785181D1B9200043489 /* Products */;
					ProjectRef = 7B9D8784181D1B9200043489 /* ObjcAssociatedObjectHelpers.xcodeproj */;
				},
				{
					ProductGroup = 7BBD9D64182CBF34007395D5 /* Products */;
					ProjectRef = 7BBD9D63182CBF34007395D5 /* WMGenericCollection.xcodeproj */;
				},
			);
			projectRoot = "";
			targets = (
				7BC4254C1776799C00928201 /* AtoZAutoBox */,
				7B78F64B180A670000515A10 /* AtoZAutoBoxTests */,
			);
		};
/* End PBXProject section */

/* Begin PBXReferenceProxy section */
		7B3453C118A38F9300D28DF5 /* AOPProxy Demo */ = {
			isa = PBXReferenceProxy;
			fileType = "compiled.mach-o.executable";
			path = "AOPProxy Demo";
			remoteRef = 7B3453C018A38F9300D28DF5 /* PBXContainerItemProxy */;
			sourceTree = BUILT_PRODUCTS_DIR;
		};
		7B3453C318A38F9300D28DF5 /* libAOPProxy.a */ = {
			isa = PBXReferenceProxy;
			fileType = archive.ar;
			path = libAOPProxy.a;
			remoteRef = 7B3453C218A38F9300D28DF5 /* PBXContainerItemProxy */;
			sourceTree = BUILT_PRODUCTS_DIR;
		};
		7B3453C518A38F9300D28DF5 /* libAOPProxy.a */ = {
			isa = PBXReferenceProxy;
			fileType = archive.ar;
			path = libAOPProxy.a;
			remoteRef = 7B3453C418A38F9300D28DF5 /* PBXContainerItemProxy */;
			sourceTree = BUILT_PRODUCTS_DIR;
		};
		7B3453C718A38F9300D28DF5 /* AOPProxyTests.octest */ = {
			isa = PBXReferenceProxy;
			fileType = wrapper.cfbundle;
			path = AOPProxyTests.octest;
			remoteRef = 7B3453C618A38F9300D28DF5 /* PBXContainerItemProxy */;
			sourceTree = BUILT_PRODUCTS_DIR;
		};
		7B9A61D4181D825800AEA909 /* libCollectionsKeyValueFiltering-ios.a */ = {
			isa = PBXReferenceProxy;
			fileType = archive.ar;
			path = "libCollectionsKeyValueFiltering-ios.a";
			remoteRef = 7B9A61D3181D825800AEA909 /* PBXContainerItemProxy */;
			sourceTree = BUILT_PRODUCTS_DIR;
		};
		7B9A61D6181D825800AEA909 /* libCollectionsKeyValueFilteringX.a */ = {
			isa = PBXReferenceProxy;
			fileType = archive.ar;
			path = libCollectionsKeyValueFilteringX.a;
			remoteRef = 7B9A61D5181D825800AEA909 /* PBXContainerItemProxy */;
			sourceTree = BUILT_PRODUCTS_DIR;
		};
		7B9A61D8181D825800AEA909 /* CollectionsKeyValueFilteringTests.octest */ = {
			isa = PBXReferenceProxy;
			fileType = wrapper.cfbundle;
			path = CollectionsKeyValueFilteringTests.octest;
			remoteRef = 7B9A61D7181D825800AEA909 /* PBXContainerItemProxy */;
			sourceTree = BUILT_PRODUCTS_DIR;
		};
		7B9D8749181D172800043489 /* Mac_REKit.app */ = {
			isa = PBXReferenceProxy;
			fileType = wrapper.application;
			path = Mac_REKit.app;
			remoteRef = 7B9D8748181D172800043489 /* PBXContainerItemProxy */;
			sourceTree = BUILT_PRODUCTS_DIR;
		};
		7B9D874B181D172800043489 /* Mac_REKitLogicTests.octest */ = {
			isa = PBXReferenceProxy;
			fileType = wrapper.cfbundle;
			path = Mac_REKitLogicTests.octest;
			remoteRef = 7B9D874A181D172800043489 /* PBXContainerItemProxy */;
			sourceTree = BUILT_PRODUCTS_DIR;
		};
		7B9D8782181D1ABC00043489 /* libREKit.a */ = {
			isa = PBXReferenceProxy;
			fileType = archive.ar;
			path = libREKit.a;
			remoteRef = 7B9D8781181D1ABC00043489 /* PBXContainerItemProxy */;
			sourceTree = BUILT_PRODUCTS_DIR;
		};
		7B9D878C181D1B9300043489 /* libObjcAssociatedObjectHelpersLib.a */ = {
			isa = PBXReferenceProxy;
			fileType = archive.ar;
			path = libObjcAssociatedObjectHelpersLib.a;
			remoteRef = 7B9D878B181D1B9300043489 /* PBXContainerItemProxy */;
			sourceTree = BUILT_PRODUCTS_DIR;
		};
		7B9D878E181D1B9300043489 /* ObjcAssociatedObjectHelpersLibTests.octest */ = {
			isa = PBXReferenceProxy;
			fileType = wrapper.cfbundle;
			path = ObjcAssociatedObjectHelpersLibTests.octest;
			remoteRef = 7B9D878D181D1B9300043489 /* PBXContainerItemProxy */;
			sourceTree = BUILT_PRODUCTS_DIR;
		};
		7B9D8790181D1B9300043489 /* ObjcAssociatedObjectHelpers.framework */ = {
			isa = PBXReferenceProxy;
			fileType = wrapper.framework;
			path = ObjcAssociatedObjectHelpers.framework;
			remoteRef = 7B9D878F181D1B9300043489 /* PBXContainerItemProxy */;
			sourceTree = BUILT_PRODUCTS_DIR;
		};
		7B9D8792181D1B9300043489 /* ObjcAssociatedObjectHelpersTests.xctest */ = {
			isa = PBXReferenceProxy;
			fileType = wrapper.cfbundle;
			path = ObjcAssociatedObjectHelpersTests.xctest;
			remoteRef = 7B9D8791181D1B9300043489 /* PBXContainerItemProxy */;
			sourceTree = BUILT_PRODUCTS_DIR;
		};
		7B9D87CA181D1DA300043489 /* libObjcAssociatedObjectHelper.a */ = {
			isa = PBXReferenceProxy;
			fileType = archive.ar;
			path = libObjcAssociatedObjectHelper.a;
			remoteRef = 7B9D87C9181D1DA300043489 /* PBXContainerItemProxy */;
			sourceTree = BUILT_PRODUCTS_DIR;
		};
		7B9D87EE181D34F400043489 /* MAObjCRuntime */ = {
			isa = PBXReferenceProxy;
			fileType = "compiled.mach-o.executable";
			path = MAObjCRuntime;
			remoteRef = 7B9D87ED181D34F400043489 /* PBXContainerItemProxy */;
			sourceTree = BUILT_PRODUCTS_DIR;
		};
		7B9D87F0181D34F400043489 /* libMAObjCRuntime_iOS.a */ = {
			isa = PBXReferenceProxy;
			fileType = archive.ar;
			path = libMAObjCRuntime_iOS.a;
			remoteRef = 7B9D87EF181D34F400043489 /* PBXContainerItemProxy */;
			sourceTree = BUILT_PRODUCTS_DIR;
		};
		7B9D87F2181D34F400043489 /* MAObjCRuntime_iOSTests.octest */ = {
			isa = PBXReferenceProxy;
			fileType = wrapper.cfbundle;
			path = MAObjCRuntime_iOSTests.octest;
			remoteRef = 7B9D87F1181D34F400043489 /* PBXContainerItemProxy */;
			sourceTree = BUILT_PRODUCTS_DIR;
		};
		7B9D87F4181D34F400043489 /* libMAObjCRuntime.a */ = {
			isa = PBXReferenceProxy;
			fileType = archive.ar;
			path = libMAObjCRuntime.a;
			remoteRef = 7B9D87F3181D34F400043489 /* PBXContainerItemProxy */;
			sourceTree = BUILT_PRODUCTS_DIR;
		};
		7B9D87F6181D34F400043489 /* MAObjCRuntimeTests.xctest */ = {
			isa = PBXReferenceProxy;
			fileType = wrapper.cfbundle;
			path = MAObjCRuntimeTests.xctest;
			remoteRef = 7B9D87F5181D34F400043489 /* PBXContainerItemProxy */;
			sourceTree = BUILT_PRODUCTS_DIR;
		};
		7BBD9D7A182CBF35007395D5 /* WMGenericCollection.app */ = {
			isa = PBXReferenceProxy;
			fileType = wrapper.application;
			path = WMGenericCollection.app;
			remoteRef = 7BBD9D79182CBF35007395D5 /* PBXContainerItemProxy */;
			sourceTree = BUILT_PRODUCTS_DIR;
		};
		7BBD9D7C182CBF35007395D5 /* WMGenericCollectionTests.octest */ = {
			isa = PBXReferenceProxy;
			fileType = wrapper.cfbundle;
			path = WMGenericCollectionTests.octest;
			remoteRef = 7BBD9D7B182CBF35007395D5 /* PBXContainerItemProxy */;
			sourceTree = BUILT_PRODUCTS_DIR;
		};
		7BBD9DB7182CC3A5007395D5 /* libTypedCollections.a */ = {
			isa = PBXReferenceProxy;
			fileType = archive.ar;
			path = libTypedCollections.a;
			remoteRef = 7BBD9DB6182CC3A5007395D5 /* PBXContainerItemProxy */;
			sourceTree = BUILT_PRODUCTS_DIR;
		};
		7BBD9DB9182CC3A5007395D5 /* TypedCollectionsTests.xctest */ = {
			isa = PBXReferenceProxy;
			fileType = wrapper.cfbundle;
			path = TypedCollectionsTests.xctest;
			remoteRef = 7BBD9DB8182CC3A5007395D5 /* PBXContainerItemProxy */;
			sourceTree = BUILT_PRODUCTS_DIR;
		};
		7BBE68451823EC5A0044B655 /* JATemplateTestApp.app */ = {
			isa = PBXReferenceProxy;
			fileType = wrapper.application;
			path = JATemplateTestApp.app;
			remoteRef = 7BBE68441823EC5A0044B655 /* PBXContainerItemProxy */;
			sourceTree = BUILT_PRODUCTS_DIR;
		};
		7BBE68471823EC5A0044B655 /* JATemplateTests.octest */ = {
			isa = PBXReferenceProxy;
			fileType = wrapper.cfbundle;
			path = JATemplateTests.octest;
			remoteRef = 7BBE68461823EC5A0044B655 /* PBXContainerItemProxy */;
			sourceTree = BUILT_PRODUCTS_DIR;
		};
		7BBE68491823EC5A0044B655 /* JATemplateBenignFuzzer */ = {
			isa = PBXReferenceProxy;
			fileType = "compiled.mach-o.executable";
			path = JATemplateBenignFuzzer;
			remoteRef = 7BBE68481823EC5A0044B655 /* PBXContainerItemProxy */;
			sourceTree = BUILT_PRODUCTS_DIR;
		};
		7BBE684B1823EC5A0044B655 /* JATemplateMalignFuzzer */ = {
			isa = PBXReferenceProxy;
			fileType = "compiled.mach-o.executable";
			path = JATemplateMalignFuzzer;
			remoteRef = 7BBE684A1823EC5A0044B655 /* PBXContainerItemProxy */;
			sourceTree = BUILT_PRODUCTS_DIR;
		};
		7BBE688D1823F8280044B655 /* libJATemplate.a */ = {
			isa = PBXReferenceProxy;
			fileType = archive.ar;
			path = libJATemplate.a;
			remoteRef = 7BBE688C1823F8280044B655 /* PBXContainerItemProxy */;
			sourceTree = BUILT_PRODUCTS_DIR;
		};
		7BF6C94518105D4700895A19 /* libAtoZSingleton.a */ = {
			isa = PBXReferenceProxy;
			fileType = archive.ar;
			path = libAtoZSingleton.a;
			remoteRef = 7BF6C94418105D4700895A19 /* PBXContainerItemProxy */;
			sourceTree = BUILT_PRODUCTS_DIR;
		};
		7BF6C94718105D4700895A19 /* AtoZSingletonTests.octest */ = {
			isa = PBXReferenceProxy;
			fileType = wrapper.cfbundle;
			path = AtoZSingletonTests.octest;
			remoteRef = 7BF6C94618105D4700895A19 /* PBXContainerItemProxy */;
			sourceTree = BUILT_PRODUCTS_DIR;
		};
/* End PBXReferenceProxy section */

/* Begin PBXResourcesBuildPhase section */
		7B78F64A180A670000515A10 /* Resources */ = {
			isa = PBXResourcesBuildPhase;
			buildActionMask = 2147483647;
			files = (
			);
			runOnlyForDeploymentPostprocessing = 0;
		};
/* End PBXResourcesBuildPhase section */

/* Begin PBXSourcesBuildPhase section */
		7B78F648180A670000515A10 /* Sources */ = {
			isa = PBXSourcesBuildPhase;
			buildActionMask = 2147483647;
			files = (
				7B78F661180A671E00515A10 /* AtoZAutoBoxTests.m in Sources */,
				7B78F660180A671E00515A10 /* KVCTrampolineTests.m in Sources */,
			);
			runOnlyForDeploymentPostprocessing = 0;
		};
		7BC425491776799C00928201 /* Sources */ = {
			isa = PBXSourcesBuildPhase;
			buildActionMask = 2147483647;
			files = (
				7BC4255B1776799C00928201 /* AtoZAutoBox.m in Sources */,
				7B2275AA1779DE5D002984AC /* NSObject+Primitives.m in Sources */,
				7BEBFCE517D87B2E002221BC /* AZBlockDescriptions.m in Sources */,
				7B2275AF177A11CA002984AC /* NSObject+DynamicProperties.m in Sources */,
				7BEBFCDE17D87AB8002221BC /* AZRuntimeAdditions.m in Sources */,
				7B4B184C178D03860083DA68 /* KVCTrampoline.m in Sources */,
			);
			runOnlyForDeploymentPostprocessing = 0;
		};
/* End PBXSourcesBuildPhase section */

/* Begin PBXTargetDependency section */
		7B3453DF18A38F9C00D28DF5 /* PBXTargetDependency */ = {
			isa = PBXTargetDependency;
			name = "AOPProxy (OSX)";
			targetProxy = 7B3453DE18A38F9C00D28DF5 /* PBXContainerItemProxy */;
		};
		7B78F65A180A670100515A10 /* PBXTargetDependency */ = {
			isa = PBXTargetDependency;
			target = 7BC4254C1776799C00928201 /* AtoZAutoBox */;
			targetProxy = 7B78F659180A670100515A10 /* PBXContainerItemProxy */;
		};
		7B9A61B9181D69BA00AEA909 /* PBXTargetDependency */ = {
			isa = PBXTargetDependency;
			name = MAObjCRuntime;
			targetProxy = 7B9A61B8181D69BA00AEA909 /* PBXContainerItemProxy */;
		};
		7B9A61DA181D825E00AEA909 /* PBXTargetDependency */ = {
			isa = PBXTargetDependency;
			name = CollectionsKeyValueFilteringX;
			targetProxy = 7B9A61D9181D825E00AEA909 /* PBXContainerItemProxy */;
		};
		7B9D8797181D1BEA00043489 /* PBXTargetDependency */ = {
			isa = PBXTargetDependency;
			name = REKit;
			targetProxy = 7B9D8796181D1BEA00043489 /* PBXContainerItemProxy */;
		};
		7B9D87CC181D1DA700043489 /* PBXTargetDependency */ = {
			isa = PBXTargetDependency;
			name = ObjcAssociatedObjectHelper;
			targetProxy = 7B9D87CB181D1DA700043489 /* PBXContainerItemProxy */;
		};
		7BBE688A1823F8270044B655 /* PBXTargetDependency */ = {
			isa = PBXTargetDependency;
			name = JATemplate;
			targetProxy = 7BBE68891823F8270044B655 /* PBXContainerItemProxy */;
		};
		7BF6C94C18105D5600895A19 /* PBXTargetDependency */ = {
			isa = PBXTargetDependency;
			name = AtoZSingleton;
			targetProxy = 7BF6C94B18105D5600895A19 /* PBXContainerItemProxy */;
		};
/* End PBXTargetDependency section */

/* Begin XCBuildConfiguration section */
		7B78F65C180A670100515A10 /* Debug */ = {
			isa = XCBuildConfiguration;
			baseConfigurationReference = 7B9D8783181D1B7300043489 /* Test.xcconfig */;
			buildSettings = {
				CLANG_CXX_LANGUAGE_STANDARD = "gnu++0x";
				CLANG_CXX_LIBRARY = "libc++";
				COMBINE_HIDPI_IMAGES = YES;
				GCC_PRECOMPILE_PREFIX_HEADER = YES;
				GCC_PREFIX_HEADER = "AtoZAutoBoxTests/AtoZAutoBoxTests-Prefix.pch";
				GCC_PREPROCESSOR_DEFINITIONS = (
					"DEBUG=1",
					"$(inherited)",
				);
				INFOPLIST_FILE = "AtoZAutoBoxTests/AtoZAutoBoxTests-Info.plist";
				PRODUCT_NAME = "$(TARGET_NAME)";
			};
			name = Debug;
		};
		7B78F65D180A670100515A10 /* Release */ = {
			isa = XCBuildConfiguration;
			baseConfigurationReference = 7B9D8783181D1B7300043489 /* Test.xcconfig */;
			buildSettings = {
				CLANG_CXX_LANGUAGE_STANDARD = "gnu++0x";
				CLANG_CXX_LIBRARY = "libc++";
				COMBINE_HIDPI_IMAGES = YES;
				GCC_PRECOMPILE_PREFIX_HEADER = YES;
				GCC_PREFIX_HEADER = "AtoZAutoBoxTests/AtoZAutoBoxTests-Prefix.pch";
				INFOPLIST_FILE = "AtoZAutoBoxTests/AtoZAutoBoxTests-Info.plist";
				PRODUCT_NAME = "$(TARGET_NAME)";
			};
			name = Release;
		};
		7BC4256F1776799D00928201 /* Debug */ = {
			isa = XCBuildConfiguration;
			buildSettings = {
				CLANG_ENABLE_MODULES = YES;
				ONLY_ACTIVE_ARCH = YES;
			};
			name = Debug;
		};
		7BC425701776799D00928201 /* Release */ = {
			isa = XCBuildConfiguration;
			buildSettings = {
				CLANG_ENABLE_MODULES = YES;
			};
			name = Release;
		};
		7BC425721776799D00928201 /* Debug */ = {
			isa = XCBuildConfiguration;
			baseConfigurationReference = 7B3A15BF180C7EA600F63F4D /* Mac-StaticLibrary.xcconfig */;
			buildSettings = {
				GCC_INCREASE_PRECOMPILED_HEADER_SHARING = YES;
				PRODUCT_NAME = AtoZAutoBox;
			};
			name = Debug;
		};
		7BC425731776799D00928201 /* Release */ = {
			isa = XCBuildConfiguration;
			baseConfigurationReference = 7B3A15BF180C7EA600F63F4D /* Mac-StaticLibrary.xcconfig */;
			buildSettings = {
				GCC_INCREASE_PRECOMPILED_HEADER_SHARING = YES;
				PRODUCT_NAME = AtoZAutoBox;
			};
			name = Release;
		};
/* End XCBuildConfiguration section */

/* Begin XCConfigurationList section */
		7B78F65B180A670100515A10 /* Build configuration list for PBXNativeTarget "AtoZAutoBoxTests" */ = {
			isa = XCConfigurationList;
			buildConfigurations = (
				7B78F65C180A670100515A10 /* Debug */,
				7B78F65D180A670100515A10 /* Release */,
			);
			defaultConfigurationIsVisible = 0;
			defaultConfigurationName = Debug;
		};
		7BC425481776799C00928201 /* Build configuration list for PBXProject "AtoZAutoBox" */ = {
			isa = XCConfigurationList;
			buildConfigurations = (
				7BC4256F1776799D00928201 /* Debug */,
				7BC425701776799D00928201 /* Release */,
			);
			defaultConfigurationIsVisible = 0;
			defaultConfigurationName = Debug;
		};
		7BC425711776799D00928201 /* Build configuration list for PBXNativeTarget "AtoZAutoBox" */ = {
			isa = XCConfigurationList;
			buildConfigurations = (
				7BC425721776799D00928201 /* Debug */,
				7BC425731776799D00928201 /* Release */,
			);
			defaultConfigurationIsVisible = 0;
			defaultConfigurationName = Debug;
		};
/* End XCConfigurationList section */
	};
	rootObject = 7BC425451776799C00928201 /* Project object */;
}
